// !$*UTF8*$!
{
	archiveVersion = 1;
	classes = {
	};
	objectVersion = 46;
	objects = {

/* Begin PBXBuildFile section */
		595748141DFEF578005B6AD4 /* main.cpp in Sources */ = {isa = PBXBuildFile; fileRef = 595748131DFEF578005B6AD4 /* main.cpp */; };
		5957493E1DFEF585005B6AD4 /* ApplicationBase.cpp in Sources */ = {isa = PBXBuildFile; fileRef = 595748171DFEF585005B6AD4 /* ApplicationBase.cpp */; };
		5957493F1DFEF585005B6AD4 /* FileManager.cpp in Sources */ = {isa = PBXBuildFile; fileRef = 595748191DFEF585005B6AD4 /* FileManager.cpp */; };
		595749401DFEF585005B6AD4 /* AudioController.cpp in Sources */ = {isa = PBXBuildFile; fileRef = 5957481C1DFEF585005B6AD4 /* AudioController.cpp */; };
		595749411DFEF585005B6AD4 /* AudioGraph.cpp in Sources */ = {isa = PBXBuildFile; fileRef = 5957481E1DFEF585005B6AD4 /* AudioGraph.cpp */; };
		595749421DFEF585005B6AD4 /* AUElement.cpp in Sources */ = {isa = PBXBuildFile; fileRef = 595748201DFEF585005B6AD4 /* AUElement.cpp */; };
		595749431DFEF585005B6AD4 /* Database.cpp in Sources */ = {isa = PBXBuildFile; fileRef = 595748271DFEF585005B6AD4 /* Database.cpp */; };
		595749441DFEF585005B6AD4 /* Date.cpp in Sources */ = {isa = PBXBuildFile; fileRef = 595748291DFEF585005B6AD4 /* Date.cpp */; };
		595749451DFEF585005B6AD4 /* StringOperations.cpp in Sources */ = {isa = PBXBuildFile; fileRef = 5957482B1DFEF585005B6AD4 /* StringOperations.cpp */; };
		595749461DFEF585005B6AD4 /* Variant.cpp in Sources */ = {isa = PBXBuildFile; fileRef = 5957482E1DFEF585005B6AD4 /* Variant.cpp */; };
		595749471DFEF585005B6AD4 /* DisplayController.cpp in Sources */ = {isa = PBXBuildFile; fileRef = 595748321DFEF585005B6AD4 /* DisplayController.cpp */; };
		595749481DFEF585005B6AD4 /* GXAnimation.cpp in Sources */ = {isa = PBXBuildFile; fileRef = 595748341DFEF585005B6AD4 /* GXAnimation.cpp */; };
		595749491DFEF585005B6AD4 /* GXAsyncPainter.cpp in Sources */ = {isa = PBXBuildFile; fileRef = 595748361DFEF585005B6AD4 /* GXAsyncPainter.cpp */; };
		5957494A1DFEF585005B6AD4 /* GXElement.cpp in Sources */ = {isa = PBXBuildFile; fileRef = 595748391DFEF585005B6AD4 /* GXElement.cpp */; };
		5957494B1DFEF585005B6AD4 /* GXFont.cpp in Sources */ = {isa = PBXBuildFile; fileRef = 5957483B1DFEF585005B6AD4 /* GXFont.cpp */; };
		5957494C1DFEF585005B6AD4 /* GXImage.cpp in Sources */ = {isa = PBXBuildFile; fileRef = 5957483D1DFEF585005B6AD4 /* GXImage.cpp */; };
		5957494D1DFEF585005B6AD4 /* GXPath.cpp in Sources */ = {isa = PBXBuildFile; fileRef = 595748401DFEF585005B6AD4 /* GXPath.cpp */; };
		5957494E1DFEF585005B6AD4 /* GXScene.cpp in Sources */ = {isa = PBXBuildFile; fileRef = 595748421DFEF585005B6AD4 /* GXScene.cpp */; };
		5957494F1DFEF585005B6AD4 /* GXTextRenderer.cpp in Sources */ = {isa = PBXBuildFile; fileRef = 595748441DFEF585005B6AD4 /* GXTextRenderer.cpp */; };
		595749501DFEF585005B6AD4 /* GXTransformations.cpp in Sources */ = {isa = PBXBuildFile; fileRef = 595748461DFEF585005B6AD4 /* GXTransformations.cpp */; };
		595749511DFEF585005B6AD4 /* DisplayImpl.cpp in Sources */ = {isa = PBXBuildFile; fileRef = 595748491DFEF585005B6AD4 /* DisplayImpl.cpp */; };
		595749521DFEF585005B6AD4 /* Painter.cpp in Sources */ = {isa = PBXBuildFile; fileRef = 5957484B1DFEF585005B6AD4 /* Painter.cpp */; };
		595749531DFEF585005B6AD4 /* GXColors.cpp in Sources */ = {isa = PBXBuildFile; fileRef = 5957484F1DFEF585005B6AD4 /* GXColors.cpp */; };
		595749541DFEF585005B6AD4 /* GXGeometry.cpp in Sources */ = {isa = PBXBuildFile; fileRef = 595748511DFEF585005B6AD4 /* GXGeometry.cpp */; };
		595749551DFEF585005B6AD4 /* GraphicsComponents.cpp in Sources */ = {isa = PBXBuildFile; fileRef = 595748551DFEF585005B6AD4 /* GraphicsComponents.cpp */; };
		595749561DFEF585005B6AD4 /* GXVideo.cpp in Sources */ = {isa = PBXBuildFile; fileRef = 595748571DFEF585005B6AD4 /* GXVideo.cpp */; };
		595749751DFEF585005B6AD4 /* GXTouch.cpp in Sources */ = {isa = PBXBuildFile; fileRef = 595748BA1DFEF585005B6AD4 /* GXTouch.cpp */; };
		595749761DFEF585005B6AD4 /* Peripherals.cpp in Sources */ = {isa = PBXBuildFile; fileRef = 595748BC1DFEF585005B6AD4 /* Peripherals.cpp */; };
		595749771DFEF585005B6AD4 /* CanEvent.cpp in Sources */ = {isa = PBXBuildFile; fileRef = 595748BF1DFEF585005B6AD4 /* CanEvent.cpp */; };
		595749781DFEF585005B6AD4 /* GpioInterface.cpp in Sources */ = {isa = PBXBuildFile; fileRef = 595748C11DFEF585005B6AD4 /* GpioInterface.cpp */; };
		595749791DFEF585005B6AD4 /* CanPlateformImpl.cpp in Sources */ = {isa = PBXBuildFile; fileRef = 595748C41DFEF585005B6AD4 /* CanPlateformImpl.cpp */; };
		5957497A1DFEF585005B6AD4 /* GpioPlateformImpl.cpp in Sources */ = {isa = PBXBuildFile; fileRef = 595748C61DFEF585005B6AD4 /* GpioPlateformImpl.cpp */; };
		5957497B1DFEF585005B6AD4 /* InterfaceController.cpp in Sources */ = {isa = PBXBuildFile; fileRef = 595748C91DFEF585005B6AD4 /* InterfaceController.cpp */; };
		5957497C1DFEF585005B6AD4 /* InterfaceEvent.cpp in Sources */ = {isa = PBXBuildFile; fileRef = 595748CB1DFEF585005B6AD4 /* InterfaceEvent.cpp */; };
		5957497D1DFEF585005B6AD4 /* SerialInterface.cpp in Sources */ = {isa = PBXBuildFile; fileRef = 595748CD1DFEF585005B6AD4 /* SerialInterface.cpp */; };
		5957497E1DFEF585005B6AD4 /* AbstractController.cpp in Sources */ = {isa = PBXBuildFile; fileRef = 595748D01DFEF585005B6AD4 /* AbstractController.cpp */; };
		5957497F1DFEF585005B6AD4 /* AbstractDelegate.cpp in Sources */ = {isa = PBXBuildFile; fileRef = 595748D21DFEF585005B6AD4 /* AbstractDelegate.cpp */; };
		595749801DFEF585005B6AD4 /* Element.cpp in Sources */ = {isa = PBXBuildFile; fileRef = 595748D51DFEF585005B6AD4 /* Element.cpp */; };
		595749811DFEF585005B6AD4 /* FileSystem.cpp in Sources */ = {isa = PBXBuildFile; fileRef = 595748D71DFEF585005B6AD4 /* FileSystem.cpp */; };
		595749821DFEF585005B6AD4 /* Memory.cpp in Sources */ = {isa = PBXBuildFile; fileRef = 595748D91DFEF585005B6AD4 /* Memory.cpp */; };
		595749831DFEF585005B6AD4 /* Object.cpp in Sources */ = {isa = PBXBuildFile; fileRef = 595748DB1DFEF585005B6AD4 /* Object.cpp */; };
		595749841DFEF585005B6AD4 /* Thread.cpp in Sources */ = {isa = PBXBuildFile; fileRef = 595748DE1DFEF585005B6AD4 /* Thread.cpp */; };
		595749851DFEF585005B6AD4 /* Utils.cpp in Sources */ = {isa = PBXBuildFile; fileRef = 595748E01DFEF585005B6AD4 /* Utils.cpp */; };
		595749861DFEF585005B6AD4 /* JSMachine.cpp in Sources */ = {isa = PBXBuildFile; fileRef = 595748E31DFEF585005B6AD4 /* JSMachine.cpp */; };
		595749871DFEF585005B6AD4 /* JSMachineDelegate.cpp in Sources */ = {isa = PBXBuildFile; fileRef = 595748E51DFEF585005B6AD4 /* JSMachineDelegate.cpp */; };
		595749881DFEF585005B6AD4 /* TinyJS.cpp in Sources */ = {isa = PBXBuildFile; fileRef = 595748E81DFEF585005B6AD4 /* TinyJS.cpp */; };
		595749891DFEF585005B6AD4 /* TinyJS_Functions.cpp in Sources */ = {isa = PBXBuildFile; fileRef = 595748EA1DFEF585005B6AD4 /* TinyJS_Functions.cpp */; };
		5957498A1DFEF585005B6AD4 /* TinyJS_MathFunctions.cpp in Sources */ = {isa = PBXBuildFile; fileRef = 595748EC1DFEF585005B6AD4 /* TinyJS_MathFunctions.cpp */; };
		5957498B1DFEF585005B6AD4 /* Log.cpp in Sources */ = {isa = PBXBuildFile; fileRef = 595748EF1DFEF585005B6AD4 /* Log.cpp */; };
		5957498C1DFEF585005B6AD4 /* NetworkController.cpp in Sources */ = {isa = PBXBuildFile; fileRef = 595748F21DFEF585005B6AD4 /* NetworkController.cpp */; };
		5957498D1DFEF585005B6AD4 /* cJSON.c in Sources */ = {isa = PBXBuildFile; fileRef = 595748F61DFEF585005B6AD4 /* cJSON.c */; };
		5957498E1DFEF585005B6AD4 /* FontParser.cpp in Sources */ = {isa = PBXBuildFile; fileRef = 595748F81DFEF585005B6AD4 /* FontParser.cpp */; };
		595749901DFEF585005B6AD4 /* JSONParser.cpp in Sources */ = {isa = PBXBuildFile; fileRef = 595748FC1DFEF585005B6AD4 /* JSONParser.cpp */; };
		595749911DFEF585005B6AD4 /* SVGParser.cpp in Sources */ = {isa = PBXBuildFile; fileRef = 595749011DFEF585005B6AD4 /* SVGParser.cpp */; };
		595749941DFEF585005B6AD4 /* MainPlayer.cpp in Sources */ = {isa = PBXBuildFile; fileRef = 5957490F1DFEF585005B6AD4 /* MainPlayer.cpp */; };
		595749961DFEF585005B6AD4 /* Dispatch.cpp in Sources */ = {isa = PBXBuildFile; fileRef = 595749191DFEF585005B6AD4 /* Dispatch.cpp */; };
		595749971DFEF585005B6AD4 /* Event.cpp in Sources */ = {isa = PBXBuildFile; fileRef = 5957491B1DFEF585005B6AD4 /* Event.cpp */; };
		595749981DFEF585005B6AD4 /* IPC.cpp in Sources */ = {isa = PBXBuildFile; fileRef = 5957491D1DFEF585005B6AD4 /* IPC.cpp */; };
		595749991DFEF585005B6AD4 /* Timecode.cpp in Sources */ = {isa = PBXBuildFile; fileRef = 595749201DFEF585005B6AD4 /* Timecode.cpp */; };
		5957499A1DFEF585005B6AD4 /* UI.cpp in Sources */ = {isa = PBXBuildFile; fileRef = 595749231DFEF585005B6AD4 /* UI.cpp */; };
		5957499B1DFEF585005B6AD4 /* UIButton.cpp in Sources */ = {isa = PBXBuildFile; fileRef = 595749251DFEF585005B6AD4 /* UIButton.cpp */; };
		5957499C1DFEF585005B6AD4 /* UIImage.cpp in Sources */ = {isa = PBXBuildFile; fileRef = 595749271DFEF585005B6AD4 /* UIImage.cpp */; };
		5957499D1DFEF585005B6AD4 /* UILabel.cpp in Sources */ = {isa = PBXBuildFile; fileRef = 5957492A1DFEF585005B6AD4 /* UILabel.cpp */; };
		5957499E1DFEF585005B6AD4 /* UINotification.cpp in Sources */ = {isa = PBXBuildFile; fileRef = 5957492C1DFEF585005B6AD4 /* UINotification.cpp */; };
		5957499F1DFEF585005B6AD4 /* UISlider.cpp in Sources */ = {isa = PBXBuildFile; fileRef = 5957492E1DFEF585005B6AD4 /* UISlider.cpp */; };
		595749A01DFEF585005B6AD4 /* UIVideo.cpp in Sources */ = {isa = PBXBuildFile; fileRef = 595749301DFEF585005B6AD4 /* UIVideo.cpp */; };
		595749A11DFEF585005B6AD4 /* UIView.cpp in Sources */ = {isa = PBXBuildFile; fileRef = 595749321DFEF585005B6AD4 /* UIView.cpp */; };
		595749A21DFEF585005B6AD4 /* UIViewController.cpp in Sources */ = {isa = PBXBuildFile; fileRef = 595749341DFEF585005B6AD4 /* UIViewController.cpp */; };
		595749A31DFEF585005B6AD4 /* Url.cpp in Sources */ = {isa = PBXBuildFile; fileRef = 595749371DFEF585005B6AD4 /* Url.cpp */; };
		595749A41DFEF585005B6AD4 /* mongoose.c in Sources */ = {isa = PBXBuildFile; fileRef = 5957493A1DFEF585005B6AD4 /* mongoose.c */; };
		595749A51DFEF585005B6AD4 /* WebServer.cpp in Sources */ = {isa = PBXBuildFile; fileRef = 5957493C1DFEF585005B6AD4 /* WebServer.cpp */; };
		595749AA1DFEF72F005B6AD4 /* libcurl.4.dylib in Frameworks */ = {isa = PBXBuildFile; fileRef = 595749A71DFEF72F005B6AD4 /* libcurl.4.dylib */; };
		595749AB1DFEF72F005B6AD4 /* libfreetype.a in Frameworks */ = {isa = PBXBuildFile; fileRef = 595749A81DFEF72F005B6AD4 /* libfreetype.a */; };
		595749AC1DFEF72F005B6AD4 /* liboscpack.so.1.1.0 in Frameworks */ = {isa = PBXBuildFile; fileRef = 595749A91DFEF72F005B6AD4 /* liboscpack.so.1.1.0 */; };
/* End PBXBuildFile section */

/* Begin PBXCopyFilesBuildPhase section */
		595748061DFEF554005B6AD4 /* CopyFiles */ = {
			isa = PBXCopyFilesBuildPhase;
			buildActionMask = 2147483647;
			dstPath = /usr/share/man/man1/;
			dstSubfolderSpec = 0;
			files = (
			);
			runOnlyForDeploymentPostprocessing = 1;
		};
/* End PBXCopyFilesBuildPhase section */

/* Begin PBXFileReference section */
		595748081DFEF554005B6AD4 /* CelestaCore */ = {isa = PBXFileReference; explicitFileType = "compiled.mach-o.executable"; includeInIndex = 0; path = CelestaCore; sourceTree = BUILT_PRODUCTS_DIR; };
		595748131DFEF578005B6AD4 /* main.cpp */ = {isa = PBXFileReference; fileEncoding = 4; lastKnownFileType = sourcecode.cpp.cpp; path = main.cpp; sourceTree = "<group>"; };
		595748171DFEF585005B6AD4 /* ApplicationBase.cpp */ = {isa = PBXFileReference; fileEncoding = 4; lastKnownFileType = sourcecode.cpp.cpp; path = ApplicationBase.cpp; sourceTree = "<group>"; };
		595748181DFEF585005B6AD4 /* ApplicationBase.h */ = {isa = PBXFileReference; fileEncoding = 4; lastKnownFileType = sourcecode.c.h; path = ApplicationBase.h; sourceTree = "<group>"; };
		595748191DFEF585005B6AD4 /* FileManager.cpp */ = {isa = PBXFileReference; fileEncoding = 4; lastKnownFileType = sourcecode.cpp.cpp; path = FileManager.cpp; sourceTree = "<group>"; };
		5957481A1DFEF585005B6AD4 /* FileManager.h */ = {isa = PBXFileReference; fileEncoding = 4; lastKnownFileType = sourcecode.c.h; path = FileManager.h; sourceTree = "<group>"; };
		5957481C1DFEF585005B6AD4 /* AudioController.cpp */ = {isa = PBXFileReference; fileEncoding = 4; lastKnownFileType = sourcecode.cpp.cpp; path = AudioController.cpp; sourceTree = "<group>"; };
		5957481D1DFEF585005B6AD4 /* AudioController.h */ = {isa = PBXFileReference; fileEncoding = 4; lastKnownFileType = sourcecode.c.h; path = AudioController.h; sourceTree = "<group>"; };
		5957481E1DFEF585005B6AD4 /* AudioGraph.cpp */ = {isa = PBXFileReference; fileEncoding = 4; lastKnownFileType = sourcecode.cpp.cpp; path = AudioGraph.cpp; sourceTree = "<group>"; };
		5957481F1DFEF585005B6AD4 /* AudioGraph.h */ = {isa = PBXFileReference; fileEncoding = 4; lastKnownFileType = sourcecode.c.h; path = AudioGraph.h; sourceTree = "<group>"; };
		595748201DFEF585005B6AD4 /* AUElement.cpp */ = {isa = PBXFileReference; fileEncoding = 4; lastKnownFileType = sourcecode.cpp.cpp; path = AUElement.cpp; sourceTree = "<group>"; };
		595748211DFEF585005B6AD4 /* AUElement.h */ = {isa = PBXFileReference; fileEncoding = 4; lastKnownFileType = sourcecode.c.h; path = AUElement.h; sourceTree = "<group>"; };
		595748231DFEF585005B6AD4 /* Config.h */ = {isa = PBXFileReference; fileEncoding = 4; lastKnownFileType = sourcecode.c.h; path = Config.h; sourceTree = "<group>"; };
		595748241DFEF585005B6AD4 /* Core.h */ = {isa = PBXFileReference; fileEncoding = 4; lastKnownFileType = sourcecode.c.h; path = Core.h; sourceTree = "<group>"; };
		595748261DFEF585005B6AD4 /* _ArgumentsArray.h */ = {isa = PBXFileReference; fileEncoding = 4; lastKnownFileType = sourcecode.c.h; path = _ArgumentsArray.h; sourceTree = "<group>"; };
		595748271DFEF585005B6AD4 /* Database.cpp */ = {isa = PBXFileReference; fileEncoding = 4; lastKnownFileType = sourcecode.cpp.cpp; path = Database.cpp; sourceTree = "<group>"; };
		595748281DFEF585005B6AD4 /* Database.h */ = {isa = PBXFileReference; fileEncoding = 4; lastKnownFileType = sourcecode.c.h; path = Database.h; sourceTree = "<group>"; };
		595748291DFEF585005B6AD4 /* Date.cpp */ = {isa = PBXFileReference; fileEncoding = 4; lastKnownFileType = sourcecode.cpp.cpp; path = Date.cpp; sourceTree = "<group>"; };
		5957482A1DFEF585005B6AD4 /* Date.h */ = {isa = PBXFileReference; fileEncoding = 4; lastKnownFileType = sourcecode.c.h; path = Date.h; sourceTree = "<group>"; };
		5957482B1DFEF585005B6AD4 /* StringOperations.cpp */ = {isa = PBXFileReference; fileEncoding = 4; lastKnownFileType = sourcecode.cpp.cpp; path = StringOperations.cpp; sourceTree = "<group>"; };
		5957482C1DFEF585005B6AD4 /* StringOperations.h */ = {isa = PBXFileReference; fileEncoding = 4; lastKnownFileType = sourcecode.c.h; path = StringOperations.h; sourceTree = "<group>"; };
		5957482D1DFEF585005B6AD4 /* ValueImpl.h */ = {isa = PBXFileReference; fileEncoding = 4; lastKnownFileType = sourcecode.c.h; path = ValueImpl.h; sourceTree = "<group>"; };
		5957482E1DFEF585005B6AD4 /* Variant.cpp */ = {isa = PBXFileReference; fileEncoding = 4; lastKnownFileType = sourcecode.cpp.cpp; path = Variant.cpp; sourceTree = "<group>"; };
		5957482F1DFEF585005B6AD4 /* Variant.h */ = {isa = PBXFileReference; fileEncoding = 4; lastKnownFileType = sourcecode.c.h; path = Variant.h; sourceTree = "<group>"; };
		595748301DFEF585005B6AD4 /* Env_Variables.h */ = {isa = PBXFileReference; fileEncoding = 4; lastKnownFileType = sourcecode.c.h; path = Env_Variables.h; sourceTree = "<group>"; };
		595748321DFEF585005B6AD4 /* DisplayController.cpp */ = {isa = PBXFileReference; fileEncoding = 4; lastKnownFileType = sourcecode.cpp.cpp; path = DisplayController.cpp; sourceTree = "<group>"; };
		595748331DFEF585005B6AD4 /* DisplayController.h */ = {isa = PBXFileReference; fileEncoding = 4; lastKnownFileType = sourcecode.c.h; path = DisplayController.h; sourceTree = "<group>"; };
		595748341DFEF585005B6AD4 /* GXAnimation.cpp */ = {isa = PBXFileReference; fileEncoding = 4; lastKnownFileType = sourcecode.cpp.cpp; path = GXAnimation.cpp; sourceTree = "<group>"; };
		595748351DFEF585005B6AD4 /* GXAnimation.h */ = {isa = PBXFileReference; fileEncoding = 4; lastKnownFileType = sourcecode.c.h; path = GXAnimation.h; sourceTree = "<group>"; };
		595748361DFEF585005B6AD4 /* GXAsyncPainter.cpp */ = {isa = PBXFileReference; fileEncoding = 4; lastKnownFileType = sourcecode.cpp.cpp; path = GXAsyncPainter.cpp; sourceTree = "<group>"; };
		595748371DFEF585005B6AD4 /* GXAsyncPainter.h */ = {isa = PBXFileReference; fileEncoding = 4; lastKnownFileType = sourcecode.c.h; path = GXAsyncPainter.h; sourceTree = "<group>"; };
		595748381DFEF585005B6AD4 /* GXDefs.h */ = {isa = PBXFileReference; fileEncoding = 4; lastKnownFileType = sourcecode.c.h; path = GXDefs.h; sourceTree = "<group>"; };
		595748391DFEF585005B6AD4 /* GXElement.cpp */ = {isa = PBXFileReference; fileEncoding = 4; lastKnownFileType = sourcecode.cpp.cpp; path = GXElement.cpp; sourceTree = "<group>"; };
		5957483A1DFEF585005B6AD4 /* GXElement.h */ = {isa = PBXFileReference; fileEncoding = 4; lastKnownFileType = sourcecode.c.h; path = GXElement.h; sourceTree = "<group>"; };
		5957483B1DFEF585005B6AD4 /* GXFont.cpp */ = {isa = PBXFileReference; fileEncoding = 4; lastKnownFileType = sourcecode.cpp.cpp; path = GXFont.cpp; sourceTree = "<group>"; };
		5957483C1DFEF585005B6AD4 /* GXFont.h */ = {isa = PBXFileReference; fileEncoding = 4; lastKnownFileType = sourcecode.c.h; path = GXFont.h; sourceTree = "<group>"; };
		5957483D1DFEF585005B6AD4 /* GXImage.cpp */ = {isa = PBXFileReference; fileEncoding = 4; lastKnownFileType = sourcecode.cpp.cpp; path = GXImage.cpp; sourceTree = "<group>"; };
		5957483E1DFEF585005B6AD4 /* GXImage.h */ = {isa = PBXFileReference; fileEncoding = 4; lastKnownFileType = sourcecode.c.h; path = GXImage.h; sourceTree = "<group>"; };
		5957483F1DFEF585005B6AD4 /* GXJSON.h */ = {isa = PBXFileReference; fileEncoding = 4; lastKnownFileType = sourcecode.c.h; path = GXJSON.h; sourceTree = "<group>"; };
		595748401DFEF585005B6AD4 /* GXPath.cpp */ = {isa = PBXFileReference; fileEncoding = 4; lastKnownFileType = sourcecode.cpp.cpp; path = GXPath.cpp; sourceTree = "<group>"; };
		595748411DFEF585005B6AD4 /* GXPath.h */ = {isa = PBXFileReference; fileEncoding = 4; lastKnownFileType = sourcecode.c.h; path = GXPath.h; sourceTree = "<group>"; };
		595748421DFEF585005B6AD4 /* GXScene.cpp */ = {isa = PBXFileReference; fileEncoding = 4; lastKnownFileType = sourcecode.cpp.cpp; path = GXScene.cpp; sourceTree = "<group>"; };
		595748431DFEF585005B6AD4 /* GXScene.h */ = {isa = PBXFileReference; fileEncoding = 4; lastKnownFileType = sourcecode.c.h; path = GXScene.h; sourceTree = "<group>"; };
		595748441DFEF585005B6AD4 /* GXTextRenderer.cpp */ = {isa = PBXFileReference; fileEncoding = 4; lastKnownFileType = sourcecode.cpp.cpp; path = GXTextRenderer.cpp; sourceTree = "<group>"; };
		595748451DFEF585005B6AD4 /* GXTextRenderer.h */ = {isa = PBXFileReference; fileEncoding = 4; lastKnownFileType = sourcecode.c.h; path = GXTextRenderer.h; sourceTree = "<group>"; };
		595748461DFEF585005B6AD4 /* GXTransformations.cpp */ = {isa = PBXFileReference; fileEncoding = 4; lastKnownFileType = sourcecode.cpp.cpp; path = GXTransformations.cpp; sourceTree = "<group>"; };
		595748471DFEF585005B6AD4 /* GXTransformations.h */ = {isa = PBXFileReference; fileEncoding = 4; lastKnownFileType = sourcecode.c.h; path = GXTransformations.h; sourceTree = "<group>"; };
		595748491DFEF585005B6AD4 /* DisplayImpl.cpp */ = {isa = PBXFileReference; fileEncoding = 4; lastKnownFileType = sourcecode.cpp.cpp; path = DisplayImpl.cpp; sourceTree = "<group>"; };
		5957484A1DFEF585005B6AD4 /* DisplayImpl.h */ = {isa = PBXFileReference; fileEncoding = 4; lastKnownFileType = sourcecode.c.h; path = DisplayImpl.h; sourceTree = "<group>"; };
		5957484B1DFEF585005B6AD4 /* Painter.cpp */ = {isa = PBXFileReference; fileEncoding = 4; lastKnownFileType = sourcecode.cpp.cpp; path = Painter.cpp; sourceTree = "<group>"; };
		5957484C1DFEF585005B6AD4 /* Painter.h */ = {isa = PBXFileReference; fileEncoding = 4; lastKnownFileType = sourcecode.c.h; path = Painter.h; sourceTree = "<group>"; };
		5957484E1DFEF585005B6AD4 /* Curve.h */ = {isa = PBXFileReference; fileEncoding = 4; lastKnownFileType = sourcecode.c.h; path = Curve.h; sourceTree = "<group>"; };
		5957484F1DFEF585005B6AD4 /* GXColors.cpp */ = {isa = PBXFileReference; fileEncoding = 4; lastKnownFileType = sourcecode.cpp.cpp; path = GXColors.cpp; sourceTree = "<group>"; };
		595748501DFEF585005B6AD4 /* GXColors.h */ = {isa = PBXFileReference; fileEncoding = 4; lastKnownFileType = sourcecode.c.h; path = GXColors.h; sourceTree = "<group>"; };
		595748511DFEF585005B6AD4 /* GXGeometry.cpp */ = {isa = PBXFileReference; fileEncoding = 4; lastKnownFileType = sourcecode.cpp.cpp; path = GXGeometry.cpp; sourceTree = "<group>"; };
		595748521DFEF585005B6AD4 /* GXGeometry.h */ = {isa = PBXFileReference; fileEncoding = 4; lastKnownFileType = sourcecode.c.h; path = GXGeometry.h; sourceTree = "<group>"; };
		595748551DFEF585005B6AD4 /* GraphicsComponents.cpp */ = {isa = PBXFileReference; fileEncoding = 4; lastKnownFileType = sourcecode.cpp.cpp; path = GraphicsComponents.cpp; sourceTree = "<group>"; };
		595748561DFEF585005B6AD4 /* GraphicsComponents.h */ = {isa = PBXFileReference; fileEncoding = 4; lastKnownFileType = sourcecode.c.h; path = GraphicsComponents.h; sourceTree = "<group>"; };
		595748571DFEF585005B6AD4 /* GXVideo.cpp */ = {isa = PBXFileReference; fileEncoding = 4; lastKnownFileType = sourcecode.cpp.cpp; path = GXVideo.cpp; sourceTree = "<group>"; };
		595748581DFEF585005B6AD4 /* GXVideo.h */ = {isa = PBXFileReference; fileEncoding = 4; lastKnownFileType = sourcecode.c.h; path = GXVideo.h; sourceTree = "<group>"; };
		5957485A1DFEF585005B6AD4 /* BitstreamConverter.cpp */ = {isa = PBXFileReference; fileEncoding = 4; lastKnownFileType = sourcecode.cpp.cpp; path = BitstreamConverter.cpp; sourceTree = "<group>"; };
		5957485B1DFEF585005B6AD4 /* BitstreamConverter.h */ = {isa = PBXFileReference; fileEncoding = 4; lastKnownFileType = sourcecode.c.h; path = BitstreamConverter.h; sourceTree = "<group>"; };
		5957485D1DFEF585005B6AD4 /* IAudioCallback.h */ = {isa = PBXFileReference; fileEncoding = 4; lastKnownFileType = sourcecode.c.h; path = IAudioCallback.h; sourceTree = "<group>"; };
		5957485E1DFEF585005B6AD4 /* DllAvCodec.h */ = {isa = PBXFileReference; fileEncoding = 4; lastKnownFileType = sourcecode.c.h; path = DllAvCodec.h; sourceTree = "<group>"; };
		5957485F1DFEF585005B6AD4 /* DllAvFormat.h */ = {isa = PBXFileReference; fileEncoding = 4; lastKnownFileType = sourcecode.c.h; path = DllAvFormat.h; sourceTree = "<group>"; };
		595748601DFEF585005B6AD4 /* DllAvUtil.h */ = {isa = PBXFileReference; fileEncoding = 4; lastKnownFileType = sourcecode.c.h; path = DllAvUtil.h; sourceTree = "<group>"; };
		595748611DFEF585005B6AD4 /* DllBCM.h */ = {isa = PBXFileReference; fileEncoding = 4; lastKnownFileType = sourcecode.c.h; path = DllBCM.h; sourceTree = "<group>"; };
		595748621DFEF585005B6AD4 /* DllOMX.h */ = {isa = PBXFileReference; fileEncoding = 4; lastKnownFileType = sourcecode.c.h; path = DllOMX.h; sourceTree = "<group>"; };
		595748631DFEF585005B6AD4 /* DllSwResample.h */ = {isa = PBXFileReference; fileEncoding = 4; lastKnownFileType = sourcecode.c.h; path = DllSwResample.h; sourceTree = "<group>"; };
		595748641DFEF585005B6AD4 /* DynamicDll.cpp */ = {isa = PBXFileReference; fileEncoding = 4; lastKnownFileType = sourcecode.cpp.cpp; path = DynamicDll.cpp; sourceTree = "<group>"; };
		595748651DFEF585005B6AD4 /* DynamicDll.h */ = {isa = PBXFileReference; fileEncoding = 4; lastKnownFileType = sourcecode.c.h; path = DynamicDll.h; sourceTree = "<group>"; };
		595748661DFEF585005B6AD4 /* File.cpp */ = {isa = PBXFileReference; fileEncoding = 4; lastKnownFileType = sourcecode.cpp.cpp; path = File.cpp; sourceTree = "<group>"; };
		595748671DFEF585005B6AD4 /* File.h */ = {isa = PBXFileReference; fileEncoding = 4; lastKnownFileType = sourcecode.c.h; path = File.h; sourceTree = "<group>"; };
		595748691DFEF585005B6AD4 /* Geometry.h */ = {isa = PBXFileReference; fileEncoding = 4; lastKnownFileType = sourcecode.c.h; path = Geometry.h; sourceTree = "<group>"; };
		5957486A1DFEF585005B6AD4 /* Keyboard.cpp */ = {isa = PBXFileReference; fileEncoding = 4; lastKnownFileType = sourcecode.cpp.cpp; path = Keyboard.cpp; sourceTree = "<group>"; };
		5957486B1DFEF585005B6AD4 /* Keyboard.h */ = {isa = PBXFileReference; fileEncoding = 4; lastKnownFileType = sourcecode.c.h; path = Keyboard.h; sourceTree = "<group>"; };
		5957486C1DFEF585005B6AD4 /* KeyConfig.cpp */ = {isa = PBXFileReference; fileEncoding = 4; lastKnownFileType = sourcecode.cpp.cpp; path = KeyConfig.cpp; sourceTree = "<group>"; };
		5957486D1DFEF585005B6AD4 /* KeyConfig.h */ = {isa = PBXFileReference; fileEncoding = 4; lastKnownFileType = sourcecode.c.h; path = KeyConfig.h; sourceTree = "<group>"; };
		5957486F1DFEF585005B6AD4 /* ConvUtils.h */ = {isa = PBXFileReference; fileEncoding = 4; lastKnownFileType = sourcecode.c.h; path = ConvUtils.h; sourceTree = "<group>"; };
		595748701DFEF585005B6AD4 /* PlatformDefs.h */ = {isa = PBXFileReference; fileEncoding = 4; lastKnownFileType = sourcecode.c.h; path = PlatformDefs.h; sourceTree = "<group>"; };
		595748711DFEF585005B6AD4 /* PlatformInclude.h */ = {isa = PBXFileReference; fileEncoding = 4; lastKnownFileType = sourcecode.c.h; path = PlatformInclude.h; sourceTree = "<group>"; };
		595748721DFEF585005B6AD4 /* RBP.cpp */ = {isa = PBXFileReference; fileEncoding = 4; lastKnownFileType = sourcecode.cpp.cpp; path = RBP.cpp; sourceTree = "<group>"; };
		595748731DFEF585005B6AD4 /* RBP.h */ = {isa = PBXFileReference; fileEncoding = 4; lastKnownFileType = sourcecode.c.h; path = RBP.h; sourceTree = "<group>"; };
		595748741DFEF585005B6AD4 /* stat_utf8.h */ = {isa = PBXFileReference; fileEncoding = 4; lastKnownFileType = sourcecode.c.h; path = stat_utf8.h; sourceTree = "<group>"; };
		595748751DFEF585005B6AD4 /* stdio_utf8.h */ = {isa = PBXFileReference; fileEncoding = 4; lastKnownFileType = sourcecode.c.h; path = stdio_utf8.h; sourceTree = "<group>"; };
		595748761DFEF585005B6AD4 /* XMemUtils.cpp */ = {isa = PBXFileReference; fileEncoding = 4; lastKnownFileType = sourcecode.cpp.cpp; path = XMemUtils.cpp; sourceTree = "<group>"; };
		595748781DFEF585005B6AD4 /* XMemUtils.h */ = {isa = PBXFileReference; fileEncoding = 4; lastKnownFileType = sourcecode.c.h; path = XMemUtils.h; sourceTree = "<group>"; };
		595748791DFEF585005B6AD4 /* XSyncUtils.h */ = {isa = PBXFileReference; fileEncoding = 4; lastKnownFileType = sourcecode.c.h; path = XSyncUtils.h; sourceTree = "<group>"; };
		5957487A1DFEF585005B6AD4 /* MainPlayer.cpp */ = {isa = PBXFileReference; fileEncoding = 4; lastKnownFileType = sourcecode.cpp.cpp; path = MainPlayer.cpp; sourceTree = "<group>"; };
		5957487B1DFEF585005B6AD4 /* MainPlayer.h */ = {isa = PBXFileReference; fileEncoding = 4; lastKnownFileType = sourcecode.c.h; path = MainPlayer.h; sourceTree = "<group>"; };
		5957487C1DFEF585005B6AD4 /* OMXAudio.cpp */ = {isa = PBXFileReference; fileEncoding = 4; lastKnownFileType = sourcecode.cpp.cpp; path = OMXAudio.cpp; sourceTree = "<group>"; };
		5957487D1DFEF585005B6AD4 /* OMXAudio.h */ = {isa = PBXFileReference; fileEncoding = 4; lastKnownFileType = sourcecode.c.h; path = OMXAudio.h; sourceTree = "<group>"; };
		5957487E1DFEF585005B6AD4 /* OMXAudioCodecOMX.cpp */ = {isa = PBXFileReference; fileEncoding = 4; lastKnownFileType = sourcecode.cpp.cpp; path = OMXAudioCodecOMX.cpp; sourceTree = "<group>"; };
		5957487F1DFEF585005B6AD4 /* OMXAudioCodecOMX.h */ = {isa = PBXFileReference; fileEncoding = 4; lastKnownFileType = sourcecode.c.h; path = OMXAudioCodecOMX.h; sourceTree = "<group>"; };
		595748801DFEF585005B6AD4 /* OMXClock.cpp */ = {isa = PBXFileReference; fileEncoding = 4; lastKnownFileType = sourcecode.cpp.cpp; path = OMXClock.cpp; sourceTree = "<group>"; };
		595748811DFEF585005B6AD4 /* OMXClock.h */ = {isa = PBXFileReference; fileEncoding = 4; lastKnownFileType = sourcecode.c.h; path = OMXClock.h; sourceTree = "<group>"; };
		595748821DFEF585005B6AD4 /* OMXControl.cpp */ = {isa = PBXFileReference; fileEncoding = 4; lastKnownFileType = sourcecode.cpp.cpp; path = OMXControl.cpp; sourceTree = "<group>"; };
		595748831DFEF585005B6AD4 /* OMXControl.h */ = {isa = PBXFileReference; fileEncoding = 4; lastKnownFileType = sourcecode.c.h; path = OMXControl.h; sourceTree = "<group>"; };
		595748841DFEF585005B6AD4 /* OMXCore.cpp */ = {isa = PBXFileReference; fileEncoding = 4; lastKnownFileType = sourcecode.cpp.cpp; path = OMXCore.cpp; sourceTree = "<group>"; };
		595748851DFEF585005B6AD4 /* OMXCore.h */ = {isa = PBXFileReference; fileEncoding = 4; lastKnownFileType = sourcecode.c.h; path = OMXCore.h; sourceTree = "<group>"; };
		595748861DFEF585005B6AD4 /* OMXOverlay.h */ = {isa = PBXFileReference; fileEncoding = 4; lastKnownFileType = sourcecode.c.h; path = OMXOverlay.h; sourceTree = "<group>"; };
		595748871DFEF585005B6AD4 /* OMXOverlayCodec.h */ = {isa = PBXFileReference; fileEncoding = 4; lastKnownFileType = sourcecode.c.h; path = OMXOverlayCodec.h; sourceTree = "<group>"; };
		595748881DFEF585005B6AD4 /* OMXOverlayCodecText.cpp */ = {isa = PBXFileReference; fileEncoding = 4; lastKnownFileType = sourcecode.cpp.cpp; path = OMXOverlayCodecText.cpp; sourceTree = "<group>"; };
		595748891DFEF585005B6AD4 /* OMXOverlayCodecText.h */ = {isa = PBXFileReference; fileEncoding = 4; lastKnownFileType = sourcecode.c.h; path = OMXOverlayCodecText.h; sourceTree = "<group>"; };
		5957488A1DFEF585005B6AD4 /* OMXOverlayText.h */ = {isa = PBXFileReference; fileEncoding = 4; lastKnownFileType = sourcecode.c.h; path = OMXOverlayText.h; sourceTree = "<group>"; };
		5957488B1DFEF585005B6AD4 /* omxplayer.cpp */ = {isa = PBXFileReference; fileEncoding = 4; lastKnownFileType = sourcecode.cpp.cpp; path = omxplayer.cpp; sourceTree = "<group>"; };
		5957488C1DFEF585005B6AD4 /* OMXPlayerAudio.cpp */ = {isa = PBXFileReference; fileEncoding = 4; lastKnownFileType = sourcecode.cpp.cpp; path = OMXPlayerAudio.cpp; sourceTree = "<group>"; };
		5957488D1DFEF585005B6AD4 /* OMXPlayerAudio.h */ = {isa = PBXFileReference; fileEncoding = 4; lastKnownFileType = sourcecode.c.h; path = OMXPlayerAudio.h; sourceTree = "<group>"; };
		5957488E1DFEF585005B6AD4 /* OMXPlayerSubtitles.cpp */ = {isa = PBXFileReference; fileEncoding = 4; lastKnownFileType = sourcecode.cpp.cpp; path = OMXPlayerSubtitles.cpp; sourceTree = "<group>"; };
		5957488F1DFEF585005B6AD4 /* OMXPlayerSubtitles.h */ = {isa = PBXFileReference; fileEncoding = 4; lastKnownFileType = sourcecode.c.h; path = OMXPlayerSubtitles.h; sourceTree = "<group>"; };
		595748901DFEF585005B6AD4 /* OMXPlayerVideo.cpp */ = {isa = PBXFileReference; fileEncoding = 4; lastKnownFileType = sourcecode.cpp.cpp; path = OMXPlayerVideo.cpp; sourceTree = "<group>"; };
		595748911DFEF585005B6AD4 /* OMXPlayerVideo.h */ = {isa = PBXFileReference; fileEncoding = 4; lastKnownFileType = sourcecode.c.h; path = OMXPlayerVideo.h; sourceTree = "<group>"; };
		595748921DFEF585005B6AD4 /* OMXReader.cpp */ = {isa = PBXFileReference; fileEncoding = 4; lastKnownFileType = sourcecode.cpp.cpp; path = OMXReader.cpp; sourceTree = "<group>"; };
		595748931DFEF585005B6AD4 /* OMXReader.h */ = {isa = PBXFileReference; fileEncoding = 4; lastKnownFileType = sourcecode.c.h; path = OMXReader.h; sourceTree = "<group>"; };
		595748941DFEF585005B6AD4 /* OMXStreamInfo.cpp */ = {isa = PBXFileReference; fileEncoding = 4; lastKnownFileType = sourcecode.cpp.cpp; path = OMXStreamInfo.cpp; sourceTree = "<group>"; };
		595748951DFEF585005B6AD4 /* OMXStreamInfo.h */ = {isa = PBXFileReference; fileEncoding = 4; lastKnownFileType = sourcecode.c.h; path = OMXStreamInfo.h; sourceTree = "<group>"; };
		595748961DFEF585005B6AD4 /* OMXSubtitleTagSami.cpp */ = {isa = PBXFileReference; fileEncoding = 4; lastKnownFileType = sourcecode.cpp.cpp; path = OMXSubtitleTagSami.cpp; sourceTree = "<group>"; };
		595748971DFEF585005B6AD4 /* OMXSubtitleTagSami.h */ = {isa = PBXFileReference; fileEncoding = 4; lastKnownFileType = sourcecode.c.h; path = OMXSubtitleTagSami.h; sourceTree = "<group>"; };
		595748981DFEF585005B6AD4 /* OMXThread.cpp */ = {isa = PBXFileReference; fileEncoding = 4; lastKnownFileType = sourcecode.cpp.cpp; path = OMXThread.cpp; sourceTree = "<group>"; };
		595748991DFEF585005B6AD4 /* OMXThread.h */ = {isa = PBXFileReference; fileEncoding = 4; lastKnownFileType = sourcecode.c.h; path = OMXThread.h; sourceTree = "<group>"; };
		5957489A1DFEF585005B6AD4 /* OMXVideo.cpp */ = {isa = PBXFileReference; fileEncoding = 4; lastKnownFileType = sourcecode.cpp.cpp; path = OMXVideo.cpp; sourceTree = "<group>"; };
		5957489B1DFEF585005B6AD4 /* OMXVideo.h */ = {isa = PBXFileReference; fileEncoding = 4; lastKnownFileType = sourcecode.c.h; path = OMXVideo.h; sourceTree = "<group>"; };
		5957489C1DFEF585005B6AD4 /* RBP.h */ = {isa = PBXFileReference; fileEncoding = 4; lastKnownFileType = sourcecode.c.h; path = RBP.h; sourceTree = "<group>"; };
		5957489D1DFEF585005B6AD4 /* Srt.cpp */ = {isa = PBXFileReference; fileEncoding = 4; lastKnownFileType = sourcecode.cpp.cpp; path = Srt.cpp; sourceTree = "<group>"; };
		5957489E1DFEF585005B6AD4 /* Srt.h */ = {isa = PBXFileReference; fileEncoding = 4; lastKnownFileType = sourcecode.c.h; path = Srt.h; sourceTree = "<group>"; };
		5957489F1DFEF585005B6AD4 /* Subtitle.h */ = {isa = PBXFileReference; fileEncoding = 4; lastKnownFileType = sourcecode.c.h; path = Subtitle.h; sourceTree = "<group>"; };
		595748A01DFEF585005B6AD4 /* SubtitleRenderer.cpp */ = {isa = PBXFileReference; fileEncoding = 4; lastKnownFileType = sourcecode.cpp.cpp; path = SubtitleRenderer.cpp; sourceTree = "<group>"; };
		595748A11DFEF585005B6AD4 /* SubtitleRenderer.h */ = {isa = PBXFileReference; fileEncoding = 4; lastKnownFileType = sourcecode.c.h; path = SubtitleRenderer.h; sourceTree = "<group>"; };
		595748A21DFEF585005B6AD4 /* system.h */ = {isa = PBXFileReference; fileEncoding = 4; lastKnownFileType = sourcecode.c.h; path = system.h; sourceTree = "<group>"; };
		595748A31DFEF585005B6AD4 /* Unicode.cpp */ = {isa = PBXFileReference; fileEncoding = 4; lastKnownFileType = sourcecode.cpp.cpp; path = Unicode.cpp; sourceTree = "<group>"; };
		595748A41DFEF585005B6AD4 /* Unicode.h */ = {isa = PBXFileReference; fileEncoding = 4; lastKnownFileType = sourcecode.c.h; path = Unicode.h; sourceTree = "<group>"; };
		595748A61DFEF585005B6AD4 /* Clamp.h */ = {isa = PBXFileReference; fileEncoding = 4; lastKnownFileType = sourcecode.c.h; path = Clamp.h; sourceTree = "<group>"; };
		595748A71DFEF585005B6AD4 /* Enforce.h */ = {isa = PBXFileReference; fileEncoding = 4; lastKnownFileType = sourcecode.c.h; path = Enforce.h; sourceTree = "<group>"; };
		595748A81DFEF585005B6AD4 /* FunctorVisitor.h */ = {isa = PBXFileReference; fileEncoding = 4; lastKnownFileType = sourcecode.c.h; path = FunctorVisitor.h; sourceTree = "<group>"; };
		595748A91DFEF585005B6AD4 /* LockBlock.h */ = {isa = PBXFileReference; fileEncoding = 4; lastKnownFileType = sourcecode.c.h; path = LockBlock.h; sourceTree = "<group>"; };
		595748AA1DFEF585005B6AD4 /* log.cpp */ = {isa = PBXFileReference; fileEncoding = 4; lastKnownFileType = sourcecode.cpp.cpp; path = log.cpp; sourceTree = "<group>"; };
		595748AB1DFEF585005B6AD4 /* log.h */ = {isa = PBXFileReference; fileEncoding = 4; lastKnownFileType = sourcecode.c.h; path = log.h; sourceTree = "<group>"; };
		595748AC1DFEF585005B6AD4 /* Mailbox.h */ = {isa = PBXFileReference; fileEncoding = 4; lastKnownFileType = sourcecode.c.h; path = Mailbox.h; sourceTree = "<group>"; };
		595748AD1DFEF585005B6AD4 /* MathUtils.h */ = {isa = PBXFileReference; fileEncoding = 4; lastKnownFileType = sourcecode.c.h; path = MathUtils.h; sourceTree = "<group>"; };
		595748AE1DFEF585005B6AD4 /* PCMRemap.cpp */ = {isa = PBXFileReference; fileEncoding = 4; lastKnownFileType = sourcecode.cpp.cpp; path = PCMRemap.cpp; sourceTree = "<group>"; };
		595748AF1DFEF585005B6AD4 /* PCMRemap.h */ = {isa = PBXFileReference; fileEncoding = 4; lastKnownFileType = sourcecode.c.h; path = PCMRemap.h; sourceTree = "<group>"; };
		595748B01DFEF585005B6AD4 /* RegExp.cpp */ = {isa = PBXFileReference; fileEncoding = 4; lastKnownFileType = sourcecode.cpp.cpp; path = RegExp.cpp; sourceTree = "<group>"; };
		595748B11DFEF585005B6AD4 /* RegExp.h */ = {isa = PBXFileReference; fileEncoding = 4; lastKnownFileType = sourcecode.c.h; path = RegExp.h; sourceTree = "<group>"; };
		595748B21DFEF585005B6AD4 /* ScopeExit.h */ = {isa = PBXFileReference; fileEncoding = 4; lastKnownFileType = sourcecode.c.h; path = ScopeExit.h; sourceTree = "<group>"; };
		595748B31DFEF585005B6AD4 /* SingleLock.h */ = {isa = PBXFileReference; fileEncoding = 4; lastKnownFileType = sourcecode.c.h; path = SingleLock.h; sourceTree = "<group>"; };
		595748B41DFEF585005B6AD4 /* StdString.h */ = {isa = PBXFileReference; fileEncoding = 4; lastKnownFileType = sourcecode.c.h; path = StdString.h; sourceTree = "<group>"; };
		595748B51DFEF585005B6AD4 /* Strprintf.h */ = {isa = PBXFileReference; fileEncoding = 4; lastKnownFileType = sourcecode.c.h; path = Strprintf.h; sourceTree = "<group>"; };
		595748B61DFEF585005B6AD4 /* traits.hpp */ = {isa = PBXFileReference; fileEncoding = 4; lastKnownFileType = sourcecode.cpp.h; path = traits.hpp; sourceTree = "<group>"; };
		595748B71DFEF585005B6AD4 /* variant-impl.hpp */ = {isa = PBXFileReference; fileEncoding = 4; lastKnownFileType = sourcecode.cpp.h; path = "variant-impl.hpp"; sourceTree = "<group>"; };
		595748B81DFEF585005B6AD4 /* variant.hpp */ = {isa = PBXFileReference; fileEncoding = 4; lastKnownFileType = sourcecode.cpp.h; path = variant.hpp; sourceTree = "<group>"; };
		595748BA1DFEF585005B6AD4 /* GXTouch.cpp */ = {isa = PBXFileReference; fileEncoding = 4; lastKnownFileType = sourcecode.cpp.cpp; path = GXTouch.cpp; sourceTree = "<group>"; };
		595748BB1DFEF585005B6AD4 /* GXTouch.h */ = {isa = PBXFileReference; fileEncoding = 4; lastKnownFileType = sourcecode.c.h; path = GXTouch.h; sourceTree = "<group>"; };
		595748BC1DFEF585005B6AD4 /* Peripherals.cpp */ = {isa = PBXFileReference; fileEncoding = 4; lastKnownFileType = sourcecode.cpp.cpp; path = Peripherals.cpp; sourceTree = "<group>"; };
		595748BD1DFEF585005B6AD4 /* Peripherals.h */ = {isa = PBXFileReference; fileEncoding = 4; lastKnownFileType = sourcecode.c.h; path = Peripherals.h; sourceTree = "<group>"; };
		595748BF1DFEF585005B6AD4 /* CanEvent.cpp */ = {isa = PBXFileReference; fileEncoding = 4; lastKnownFileType = sourcecode.cpp.cpp; path = CanEvent.cpp; sourceTree = "<group>"; };
		595748C01DFEF585005B6AD4 /* CanEvent.h */ = {isa = PBXFileReference; fileEncoding = 4; lastKnownFileType = sourcecode.c.h; path = CanEvent.h; sourceTree = "<group>"; };
		595748C11DFEF585005B6AD4 /* GpioInterface.cpp */ = {isa = PBXFileReference; fileEncoding = 4; lastKnownFileType = sourcecode.cpp.cpp; path = GpioInterface.cpp; sourceTree = "<group>"; };
		595748C21DFEF585005B6AD4 /* GpioInterface.h */ = {isa = PBXFileReference; fileEncoding = 4; lastKnownFileType = sourcecode.c.h; path = GpioInterface.h; sourceTree = "<group>"; };
		595748C41DFEF585005B6AD4 /* CanPlateformImpl.cpp */ = {isa = PBXFileReference; fileEncoding = 4; lastKnownFileType = sourcecode.cpp.cpp; path = CanPlateformImpl.cpp; sourceTree = "<group>"; };
		595748C51DFEF585005B6AD4 /* CanPlateformImpl.h */ = {isa = PBXFileReference; fileEncoding = 4; lastKnownFileType = sourcecode.c.h; path = CanPlateformImpl.h; sourceTree = "<group>"; };
		595748C61DFEF585005B6AD4 /* GpioPlateformImpl.cpp */ = {isa = PBXFileReference; fileEncoding = 4; lastKnownFileType = sourcecode.cpp.cpp; path = GpioPlateformImpl.cpp; sourceTree = "<group>"; };
		595748C71DFEF585005B6AD4 /* GpioPlateformImpl.h */ = {isa = PBXFileReference; fileEncoding = 4; lastKnownFileType = sourcecode.c.h; path = GpioPlateformImpl.h; sourceTree = "<group>"; };
		595748C81DFEF585005B6AD4 /* SunxiGpio.h */ = {isa = PBXFileReference; fileEncoding = 4; lastKnownFileType = sourcecode.c.h; path = SunxiGpio.h; sourceTree = "<group>"; };
		595748C91DFEF585005B6AD4 /* InterfaceController.cpp */ = {isa = PBXFileReference; fileEncoding = 4; lastKnownFileType = sourcecode.cpp.cpp; path = InterfaceController.cpp; sourceTree = "<group>"; };
		595748CA1DFEF585005B6AD4 /* InterfaceController.h */ = {isa = PBXFileReference; fileEncoding = 4; lastKnownFileType = sourcecode.c.h; path = InterfaceController.h; sourceTree = "<group>"; };
		595748CB1DFEF585005B6AD4 /* InterfaceEvent.cpp */ = {isa = PBXFileReference; fileEncoding = 4; lastKnownFileType = sourcecode.cpp.cpp; path = InterfaceEvent.cpp; sourceTree = "<group>"; };
		595748CC1DFEF585005B6AD4 /* InterfaceEvent.h */ = {isa = PBXFileReference; fileEncoding = 4; lastKnownFileType = sourcecode.c.h; path = InterfaceEvent.h; sourceTree = "<group>"; };
		595748CD1DFEF585005B6AD4 /* SerialInterface.cpp */ = {isa = PBXFileReference; fileEncoding = 4; lastKnownFileType = sourcecode.cpp.cpp; path = SerialInterface.cpp; sourceTree = "<group>"; };
		595748CE1DFEF585005B6AD4 /* SerialInterface.h */ = {isa = PBXFileReference; fileEncoding = 4; lastKnownFileType = sourcecode.c.h; path = SerialInterface.h; sourceTree = "<group>"; };
		595748D01DFEF585005B6AD4 /* AbstractController.cpp */ = {isa = PBXFileReference; fileEncoding = 4; lastKnownFileType = sourcecode.cpp.cpp; path = AbstractController.cpp; sourceTree = "<group>"; };
		595748D11DFEF585005B6AD4 /* AbstractController.h */ = {isa = PBXFileReference; fileEncoding = 4; lastKnownFileType = sourcecode.c.h; path = AbstractController.h; sourceTree = "<group>"; };
		595748D21DFEF585005B6AD4 /* AbstractDelegate.cpp */ = {isa = PBXFileReference; fileEncoding = 4; lastKnownFileType = sourcecode.cpp.cpp; path = AbstractDelegate.cpp; sourceTree = "<group>"; };
		595748D31DFEF585005B6AD4 /* AbstractDelegate.h */ = {isa = PBXFileReference; fileEncoding = 4; lastKnownFileType = sourcecode.c.h; path = AbstractDelegate.h; sourceTree = "<group>"; };
		595748D41DFEF585005B6AD4 /* AttributesList.h */ = {isa = PBXFileReference; fileEncoding = 4; lastKnownFileType = sourcecode.c.h; path = AttributesList.h; sourceTree = "<group>"; };
		595748D51DFEF585005B6AD4 /* Element.cpp */ = {isa = PBXFileReference; fileEncoding = 4; lastKnownFileType = sourcecode.cpp.cpp; path = Element.cpp; sourceTree = "<group>"; };
		595748D61DFEF585005B6AD4 /* Element.h */ = {isa = PBXFileReference; fileEncoding = 4; lastKnownFileType = sourcecode.c.h; path = Element.h; sourceTree = "<group>"; };
		595748D71DFEF585005B6AD4 /* FileSystem.cpp */ = {isa = PBXFileReference; fileEncoding = 4; lastKnownFileType = sourcecode.cpp.cpp; path = FileSystem.cpp; sourceTree = "<group>"; };
		595748D81DFEF585005B6AD4 /* FileSystem.h */ = {isa = PBXFileReference; fileEncoding = 4; lastKnownFileType = sourcecode.c.h; path = FileSystem.h; sourceTree = "<group>"; };
		595748D91DFEF585005B6AD4 /* Memory.cpp */ = {isa = PBXFileReference; fileEncoding = 4; lastKnownFileType = sourcecode.cpp.cpp; path = Memory.cpp; sourceTree = "<group>"; };
		595748DA1DFEF585005B6AD4 /* Memory.h */ = {isa = PBXFileReference; fileEncoding = 4; lastKnownFileType = sourcecode.c.h; path = Memory.h; sourceTree = "<group>"; };
		595748DB1DFEF585005B6AD4 /* Object.cpp */ = {isa = PBXFileReference; fileEncoding = 4; lastKnownFileType = sourcecode.cpp.cpp; path = Object.cpp; sourceTree = "<group>"; };
		595748DC1DFEF585005B6AD4 /* Object.h */ = {isa = PBXFileReference; fileEncoding = 4; lastKnownFileType = sourcecode.c.h; path = Object.h; sourceTree = "<group>"; };
		595748DD1DFEF585005B6AD4 /* SerializableObject.h */ = {isa = PBXFileReference; fileEncoding = 4; lastKnownFileType = sourcecode.c.h; path = SerializableObject.h; sourceTree = "<group>"; };
		595748DE1DFEF585005B6AD4 /* Thread.cpp */ = {isa = PBXFileReference; fileEncoding = 4; lastKnownFileType = sourcecode.cpp.cpp; path = Thread.cpp; sourceTree = "<group>"; };
		595748DF1DFEF585005B6AD4 /* Thread.h */ = {isa = PBXFileReference; fileEncoding = 4; lastKnownFileType = sourcecode.c.h; path = Thread.h; sourceTree = "<group>"; };
		595748E01DFEF585005B6AD4 /* Utils.cpp */ = {isa = PBXFileReference; fileEncoding = 4; lastKnownFileType = sourcecode.cpp.cpp; path = Utils.cpp; sourceTree = "<group>"; };
		595748E11DFEF585005B6AD4 /* Utils.h */ = {isa = PBXFileReference; fileEncoding = 4; lastKnownFileType = sourcecode.c.h; path = Utils.h; sourceTree = "<group>"; };
		595748E31DFEF585005B6AD4 /* JSMachine.cpp */ = {isa = PBXFileReference; fileEncoding = 4; lastKnownFileType = sourcecode.cpp.cpp; path = JSMachine.cpp; sourceTree = "<group>"; };
		595748E41DFEF585005B6AD4 /* JSMachine.h */ = {isa = PBXFileReference; fileEncoding = 4; lastKnownFileType = sourcecode.c.h; path = JSMachine.h; sourceTree = "<group>"; };
		595748E51DFEF585005B6AD4 /* JSMachineDelegate.cpp */ = {isa = PBXFileReference; fileEncoding = 4; lastKnownFileType = sourcecode.cpp.cpp; path = JSMachineDelegate.cpp; sourceTree = "<group>"; };
		595748E61DFEF585005B6AD4 /* JSMachineDelegate.h */ = {isa = PBXFileReference; fileEncoding = 4; lastKnownFileType = sourcecode.c.h; path = JSMachineDelegate.h; sourceTree = "<group>"; };
		595748E81DFEF585005B6AD4 /* TinyJS.cpp */ = {isa = PBXFileReference; fileEncoding = 4; lastKnownFileType = sourcecode.cpp.cpp; path = TinyJS.cpp; sourceTree = "<group>"; };
		595748E91DFEF585005B6AD4 /* TinyJS.h */ = {isa = PBXFileReference; fileEncoding = 4; lastKnownFileType = sourcecode.c.h; path = TinyJS.h; sourceTree = "<group>"; };
		595748EA1DFEF585005B6AD4 /* TinyJS_Functions.cpp */ = {isa = PBXFileReference; fileEncoding = 4; lastKnownFileType = sourcecode.cpp.cpp; path = TinyJS_Functions.cpp; sourceTree = "<group>"; };
		595748EB1DFEF585005B6AD4 /* TinyJS_Functions.h */ = {isa = PBXFileReference; fileEncoding = 4; lastKnownFileType = sourcecode.c.h; path = TinyJS_Functions.h; sourceTree = "<group>"; };
		595748EC1DFEF585005B6AD4 /* TinyJS_MathFunctions.cpp */ = {isa = PBXFileReference; fileEncoding = 4; lastKnownFileType = sourcecode.cpp.cpp; path = TinyJS_MathFunctions.cpp; sourceTree = "<group>"; };
		595748ED1DFEF585005B6AD4 /* TinyJS_MathFunctions.h */ = {isa = PBXFileReference; fileEncoding = 4; lastKnownFileType = sourcecode.c.h; path = TinyJS_MathFunctions.h; sourceTree = "<group>"; };
		595748EF1DFEF585005B6AD4 /* Log.cpp */ = {isa = PBXFileReference; fileEncoding = 4; lastKnownFileType = sourcecode.cpp.cpp; path = Log.cpp; sourceTree = "<group>"; };
		595748F01DFEF585005B6AD4 /* Log.h */ = {isa = PBXFileReference; fileEncoding = 4; lastKnownFileType = sourcecode.c.h; path = Log.h; sourceTree = "<group>"; };
		595748F21DFEF585005B6AD4 /* NetworkController.cpp */ = {isa = PBXFileReference; fileEncoding = 4; lastKnownFileType = sourcecode.cpp.cpp; path = NetworkController.cpp; sourceTree = "<group>"; };
		595748F31DFEF585005B6AD4 /* NetworkController.h */ = {isa = PBXFileReference; fileEncoding = 4; lastKnownFileType = sourcecode.c.h; path = NetworkController.h; sourceTree = "<group>"; };
		595748F61DFEF585005B6AD4 /* cJSON.c */ = {isa = PBXFileReference; fileEncoding = 4; lastKnownFileType = sourcecode.c.c; path = cJSON.c; sourceTree = "<group>"; };
		595748F71DFEF585005B6AD4 /* cJSON.h */ = {isa = PBXFileReference; fileEncoding = 4; lastKnownFileType = sourcecode.c.h; path = cJSON.h; sourceTree = "<group>"; };
		595748F81DFEF585005B6AD4 /* FontParser.cpp */ = {isa = PBXFileReference; fileEncoding = 4; lastKnownFileType = sourcecode.cpp.cpp; path = FontParser.cpp; sourceTree = "<group>"; };
		595748F91DFEF585005B6AD4 /* FontParser.h */ = {isa = PBXFileReference; fileEncoding = 4; lastKnownFileType = sourcecode.c.h; path = FontParser.h; sourceTree = "<group>"; };
		595748FC1DFEF585005B6AD4 /* JSONParser.cpp */ = {isa = PBXFileReference; fileEncoding = 4; lastKnownFileType = sourcecode.cpp.cpp; path = JSONParser.cpp; sourceTree = "<group>"; };
		595748FD1DFEF585005B6AD4 /* JSONParser.h */ = {isa = PBXFileReference; fileEncoding = 4; lastKnownFileType = sourcecode.c.h; path = JSONParser.h; sourceTree = "<group>"; };
		595748FF1DFEF585005B6AD4 /* nanosvg.h */ = {isa = PBXFileReference; fileEncoding = 4; lastKnownFileType = sourcecode.c.h; path = nanosvg.h; sourceTree = "<group>"; };
		595749001DFEF585005B6AD4 /* nanosvgrast.h */ = {isa = PBXFileReference; fileEncoding = 4; lastKnownFileType = sourcecode.c.h; path = nanosvgrast.h; sourceTree = "<group>"; };
		595749011DFEF585005B6AD4 /* SVGParser.cpp */ = {isa = PBXFileReference; fileEncoding = 4; lastKnownFileType = sourcecode.cpp.cpp; path = SVGParser.cpp; sourceTree = "<group>"; };
		595749021DFEF585005B6AD4 /* SVGParser.h */ = {isa = PBXFileReference; fileEncoding = 4; lastKnownFileType = sourcecode.c.h; path = SVGParser.h; sourceTree = "<group>"; };
		5957490A1DFEF585005B6AD4 /* BeagleBoneBlack.h */ = {isa = PBXFileReference; fileEncoding = 4; lastKnownFileType = sourcecode.c.h; path = BeagleBoneBlack.h; sourceTree = "<group>"; };
		5957490C1DFEF585005B6AD4 /* CubieBoard.h */ = {isa = PBXFileReference; fileEncoding = 4; lastKnownFileType = sourcecode.c.h; path = CubieBoard.h; sourceTree = "<group>"; };
		5957490F1DFEF585005B6AD4 /* MainPlayer.cpp */ = {isa = PBXFileReference; fileEncoding = 4; lastKnownFileType = sourcecode.cpp.cpp; path = MainPlayer.cpp; sourceTree = "<group>"; };
		595749101DFEF585005B6AD4 /* MainPlayer.h */ = {isa = PBXFileReference; fileEncoding = 4; lastKnownFileType = sourcecode.c.h; path = MainPlayer.h; sourceTree = "<group>"; };
		595749111DFEF585005B6AD4 /* vg_mac.h */ = {isa = PBXFileReference; fileEncoding = 4; lastKnownFileType = sourcecode.c.h; path = vg_mac.h; sourceTree = "<group>"; };
		595749121DFEF585005B6AD4 /* MacOS.h */ = {isa = PBXFileReference; fileEncoding = 4; lastKnownFileType = sourcecode.c.h; path = MacOS.h; sourceTree = "<group>"; };
		595749131DFEF585005B6AD4 /* Plateform.h */ = {isa = PBXFileReference; fileEncoding = 4; lastKnownFileType = sourcecode.c.h; path = Plateform.h; sourceTree = "<group>"; };
		595749151DFEF585005B6AD4 /* RaspberryPI.h */ = {isa = PBXFileReference; fileEncoding = 4; lastKnownFileType = sourcecode.c.h; path = RaspberryPI.h; sourceTree = "<group>"; };
		595749181DFEF585005B6AD4 /* Chrono.h */ = {isa = PBXFileReference; fileEncoding = 4; lastKnownFileType = sourcecode.c.h; path = Chrono.h; sourceTree = "<group>"; };
		595749191DFEF585005B6AD4 /* Dispatch.cpp */ = {isa = PBXFileReference; fileEncoding = 4; lastKnownFileType = sourcecode.cpp.cpp; path = Dispatch.cpp; sourceTree = "<group>"; };
		5957491A1DFEF585005B6AD4 /* Dispatch.h */ = {isa = PBXFileReference; fileEncoding = 4; lastKnownFileType = sourcecode.c.h; path = Dispatch.h; sourceTree = "<group>"; };
		5957491B1DFEF585005B6AD4 /* Event.cpp */ = {isa = PBXFileReference; fileEncoding = 4; lastKnownFileType = sourcecode.cpp.cpp; path = Event.cpp; sourceTree = "<group>"; };
		5957491C1DFEF585005B6AD4 /* Event.h */ = {isa = PBXFileReference; fileEncoding = 4; lastKnownFileType = sourcecode.c.h; path = Event.h; sourceTree = "<group>"; };
		5957491D1DFEF585005B6AD4 /* IPC.cpp */ = {isa = PBXFileReference; fileEncoding = 4; lastKnownFileType = sourcecode.cpp.cpp; path = IPC.cpp; sourceTree = "<group>"; };
		5957491E1DFEF585005B6AD4 /* IPC.h */ = {isa = PBXFileReference; fileEncoding = 4; lastKnownFileType = sourcecode.c.h; path = IPC.h; sourceTree = "<group>"; };
		5957491F1DFEF585005B6AD4 /* IPCImpl.h */ = {isa = PBXFileReference; fileEncoding = 4; lastKnownFileType = sourcecode.c.h; path = IPCImpl.h; sourceTree = "<group>"; };
		595749201DFEF585005B6AD4 /* Timecode.cpp */ = {isa = PBXFileReference; fileEncoding = 4; lastKnownFileType = sourcecode.cpp.cpp; path = Timecode.cpp; sourceTree = "<group>"; };
		595749211DFEF585005B6AD4 /* Timecode.h */ = {isa = PBXFileReference; fileEncoding = 4; lastKnownFileType = sourcecode.c.h; path = Timecode.h; sourceTree = "<group>"; };
		595749231DFEF585005B6AD4 /* UI.cpp */ = {isa = PBXFileReference; fileEncoding = 4; lastKnownFileType = sourcecode.cpp.cpp; path = UI.cpp; sourceTree = "<group>"; };
		595749241DFEF585005B6AD4 /* UI.h */ = {isa = PBXFileReference; fileEncoding = 4; lastKnownFileType = sourcecode.c.h; path = UI.h; sourceTree = "<group>"; };
		595749251DFEF585005B6AD4 /* UIButton.cpp */ = {isa = PBXFileReference; fileEncoding = 4; lastKnownFileType = sourcecode.cpp.cpp; path = UIButton.cpp; sourceTree = "<group>"; };
		595749261DFEF585005B6AD4 /* UIButton.h */ = {isa = PBXFileReference; fileEncoding = 4; lastKnownFileType = sourcecode.c.h; path = UIButton.h; sourceTree = "<group>"; };
		595749271DFEF585005B6AD4 /* UIImage.cpp */ = {isa = PBXFileReference; fileEncoding = 4; lastKnownFileType = sourcecode.cpp.cpp; path = UIImage.cpp; sourceTree = "<group>"; };
		595749281DFEF585005B6AD4 /* UIImage.h */ = {isa = PBXFileReference; fileEncoding = 4; lastKnownFileType = sourcecode.c.h; path = UIImage.h; sourceTree = "<group>"; };
		595749291DFEF585005B6AD4 /* UIJSON.h */ = {isa = PBXFileReference; fileEncoding = 4; lastKnownFileType = sourcecode.c.h; path = UIJSON.h; sourceTree = "<group>"; };
		5957492A1DFEF585005B6AD4 /* UILabel.cpp */ = {isa = PBXFileReference; fileEncoding = 4; lastKnownFileType = sourcecode.cpp.cpp; path = UILabel.cpp; sourceTree = "<group>"; };
		5957492B1DFEF585005B6AD4 /* UILabel.h */ = {isa = PBXFileReference; fileEncoding = 4; lastKnownFileType = sourcecode.c.h; path = UILabel.h; sourceTree = "<group>"; };
		5957492C1DFEF585005B6AD4 /* UINotification.cpp */ = {isa = PBXFileReference; fileEncoding = 4; lastKnownFileType = sourcecode.cpp.cpp; path = UINotification.cpp; sourceTree = "<group>"; };
		5957492D1DFEF585005B6AD4 /* UINotification.h */ = {isa = PBXFileReference; fileEncoding = 4; lastKnownFileType = sourcecode.c.h; path = UINotification.h; sourceTree = "<group>"; };
		5957492E1DFEF585005B6AD4 /* UISlider.cpp */ = {isa = PBXFileReference; fileEncoding = 4; lastKnownFileType = sourcecode.cpp.cpp; path = UISlider.cpp; sourceTree = "<group>"; };
		5957492F1DFEF585005B6AD4 /* UISlider.h */ = {isa = PBXFileReference; fileEncoding = 4; lastKnownFileType = sourcecode.c.h; path = UISlider.h; sourceTree = "<group>"; };
		595749301DFEF585005B6AD4 /* UIVideo.cpp */ = {isa = PBXFileReference; fileEncoding = 4; lastKnownFileType = sourcecode.cpp.cpp; path = UIVideo.cpp; sourceTree = "<group>"; };
		595749311DFEF585005B6AD4 /* UIVideo.h */ = {isa = PBXFileReference; fileEncoding = 4; lastKnownFileType = sourcecode.c.h; path = UIVideo.h; sourceTree = "<group>"; };
		595749321DFEF585005B6AD4 /* UIView.cpp */ = {isa = PBXFileReference; fileEncoding = 4; lastKnownFileType = sourcecode.cpp.cpp; path = UIView.cpp; sourceTree = "<group>"; };
		595749331DFEF585005B6AD4 /* UIView.h */ = {isa = PBXFileReference; fileEncoding = 4; lastKnownFileType = sourcecode.c.h; path = UIView.h; sourceTree = "<group>"; };
		595749341DFEF585005B6AD4 /* UIViewController.cpp */ = {isa = PBXFileReference; fileEncoding = 4; lastKnownFileType = sourcecode.cpp.cpp; path = UIViewController.cpp; sourceTree = "<group>"; };
		595749351DFEF585005B6AD4 /* UIViewController.h */ = {isa = PBXFileReference; fileEncoding = 4; lastKnownFileType = sourcecode.c.h; path = UIViewController.h; sourceTree = "<group>"; };
		595749371DFEF585005B6AD4 /* Url.cpp */ = {isa = PBXFileReference; fileEncoding = 4; lastKnownFileType = sourcecode.cpp.cpp; path = Url.cpp; sourceTree = "<group>"; };
		595749381DFEF585005B6AD4 /* Url.h */ = {isa = PBXFileReference; fileEncoding = 4; lastKnownFileType = sourcecode.c.h; path = Url.h; sourceTree = "<group>"; };
		5957493A1DFEF585005B6AD4 /* mongoose.c */ = {isa = PBXFileReference; fileEncoding = 4; lastKnownFileType = sourcecode.c.c; path = mongoose.c; sourceTree = "<group>"; };
		5957493B1DFEF585005B6AD4 /* mongoose.h */ = {isa = PBXFileReference; fileEncoding = 4; lastKnownFileType = sourcecode.c.h; path = mongoose.h; sourceTree = "<group>"; };
		5957493C1DFEF585005B6AD4 /* WebServer.cpp */ = {isa = PBXFileReference; fileEncoding = 4; lastKnownFileType = sourcecode.cpp.cpp; path = WebServer.cpp; sourceTree = "<group>"; };
		5957493D1DFEF585005B6AD4 /* WebServer.h */ = {isa = PBXFileReference; fileEncoding = 4; lastKnownFileType = sourcecode.c.h; path = WebServer.h; sourceTree = "<group>"; };
		595749A71DFEF72F005B6AD4 /* libcurl.4.dylib */ = {isa = PBXFileReference; lastKnownFileType = "compiled.mach-o.dylib"; name = libcurl.4.dylib; path = ../../../../../../../usr/lib/libcurl.4.dylib; sourceTree = "<group>"; };
		595749A81DFEF72F005B6AD4 /* libfreetype.a */ = {isa = PBXFileReference; lastKnownFileType = archive.ar; name = libfreetype.a; path = ../../../../../../../usr/local/lib/libfreetype.a; sourceTree = "<group>"; };
		595749A91DFEF72F005B6AD4 /* liboscpack.so.1.1.0 */ = {isa = PBXFileReference; lastKnownFileType = "compiled.mach-o.dylib"; name = liboscpack.so.1.1.0; path = ../../../../../../../usr/local/lib/liboscpack.so.1.1.0; sourceTree = "<group>"; };
/* End PBXFileReference section */

/* Begin PBXFrameworksBuildPhase section */
		595748051DFEF554005B6AD4 /* Frameworks */ = {
			isa = PBXFrameworksBuildPhase;
			buildActionMask = 2147483647;
			files = (
				595749AA1DFEF72F005B6AD4 /* libcurl.4.dylib in Frameworks */,
				595749AB1DFEF72F005B6AD4 /* libfreetype.a in Frameworks */,
				595749AC1DFEF72F005B6AD4 /* liboscpack.so.1.1.0 in Frameworks */,
			);
			runOnlyForDeploymentPostprocessing = 0;
		};
/* End PBXFrameworksBuildPhase section */

/* Begin PBXGroup section */
		595747FF1DFEF554005B6AD4 = {
			isa = PBXGroup;
			children = (
				595748151DFEF585005B6AD4 /* Core */,
				595748121DFEF578005B6AD4 /* src */,
				595748091DFEF554005B6AD4 /* Products */,
				595749A61DFEF72F005B6AD4 /* Frameworks */,
			);
			sourceTree = "<group>";
		};
		595748091DFEF554005B6AD4 /* Products */ = {
			isa = PBXGroup;
			children = (
				595748081DFEF554005B6AD4 /* CelestaCore */,
			);
			name = Products;
			sourceTree = "<group>";
		};
		595748121DFEF578005B6AD4 /* src */ = {
			isa = PBXGroup;
			children = (
				595748131DFEF578005B6AD4 /* main.cpp */,
			);
			path = src;
			sourceTree = "<group>";
		};
		595748151DFEF585005B6AD4 /* Core */ = {
			isa = PBXGroup;
			children = (
				595748161DFEF585005B6AD4 /* Application */,
				5957481B1DFEF585005B6AD4 /* Audio */,
				595748231DFEF585005B6AD4 /* Config.h */,
				595748241DFEF585005B6AD4 /* Core.h */,
				595748251DFEF585005B6AD4 /* Data */,
				595748301DFEF585005B6AD4 /* Env_Variables.h */,
				595748311DFEF585005B6AD4 /* GX */,
				5957484D1DFEF585005B6AD4 /* GXDataType */,
				595748531DFEF585005B6AD4 /* GXExtra */,
				595748B91DFEF585005B6AD4 /* GXTouch */,
				595748BE1DFEF585005B6AD4 /* Interfaces */,
				595748CF1DFEF585005B6AD4 /* Internal */,
				595748E21DFEF585005B6AD4 /* JSMachine */,
				595748EE1DFEF585005B6AD4 /* Log */,
				595748F11DFEF585005B6AD4 /* Network */,
				595748F41DFEF585005B6AD4 /* Parsers */,
				595749081DFEF585005B6AD4 /* Plateforms */,
				595749171DFEF585005B6AD4 /* Scheduler */,
				595749221DFEF585005B6AD4 /* UI */,
				595749361DFEF585005B6AD4 /* Web */,
			);
			name = Core;
			path = ../Core;
			sourceTree = "<group>";
		};
		595748161DFEF585005B6AD4 /* Application */ = {
			isa = PBXGroup;
			children = (
				595748171DFEF585005B6AD4 /* ApplicationBase.cpp */,
				595748181DFEF585005B6AD4 /* ApplicationBase.h */,
				595748191DFEF585005B6AD4 /* FileManager.cpp */,
				5957481A1DFEF585005B6AD4 /* FileManager.h */,
			);
			path = Application;
			sourceTree = "<group>";
		};
		5957481B1DFEF585005B6AD4 /* Audio */ = {
			isa = PBXGroup;
			children = (
				5957481C1DFEF585005B6AD4 /* AudioController.cpp */,
				5957481D1DFEF585005B6AD4 /* AudioController.h */,
				5957481E1DFEF585005B6AD4 /* AudioGraph.cpp */,
				5957481F1DFEF585005B6AD4 /* AudioGraph.h */,
				595748201DFEF585005B6AD4 /* AUElement.cpp */,
				595748211DFEF585005B6AD4 /* AUElement.h */,
				595748221DFEF585005B6AD4 /* pdImpl */,
			);
			path = Audio;
			sourceTree = "<group>";
		};
		595748221DFEF585005B6AD4 /* pdImpl */ = {
			isa = PBXGroup;
			children = (
			);
			path = pdImpl;
			sourceTree = "<group>";
		};
		595748251DFEF585005B6AD4 /* Data */ = {
			isa = PBXGroup;
			children = (
				595748261DFEF585005B6AD4 /* _ArgumentsArray.h */,
				595748271DFEF585005B6AD4 /* Database.cpp */,
				595748281DFEF585005B6AD4 /* Database.h */,
				595748291DFEF585005B6AD4 /* Date.cpp */,
				5957482A1DFEF585005B6AD4 /* Date.h */,
				5957482B1DFEF585005B6AD4 /* StringOperations.cpp */,
				5957482C1DFEF585005B6AD4 /* StringOperations.h */,
				5957482D1DFEF585005B6AD4 /* ValueImpl.h */,
				5957482E1DFEF585005B6AD4 /* Variant.cpp */,
				5957482F1DFEF585005B6AD4 /* Variant.h */,
			);
			path = Data;
			sourceTree = "<group>";
		};
		595748311DFEF585005B6AD4 /* GX */ = {
			isa = PBXGroup;
			children = (
				595748321DFEF585005B6AD4 /* DisplayController.cpp */,
				595748331DFEF585005B6AD4 /* DisplayController.h */,
				595748341DFEF585005B6AD4 /* GXAnimation.cpp */,
				595748351DFEF585005B6AD4 /* GXAnimation.h */,
				595748361DFEF585005B6AD4 /* GXAsyncPainter.cpp */,
				595748371DFEF585005B6AD4 /* GXAsyncPainter.h */,
				595748381DFEF585005B6AD4 /* GXDefs.h */,
				595748391DFEF585005B6AD4 /* GXElement.cpp */,
				5957483A1DFEF585005B6AD4 /* GXElement.h */,
				5957483B1DFEF585005B6AD4 /* GXFont.cpp */,
				5957483C1DFEF585005B6AD4 /* GXFont.h */,
				5957483D1DFEF585005B6AD4 /* GXImage.cpp */,
				5957483E1DFEF585005B6AD4 /* GXImage.h */,
				5957483F1DFEF585005B6AD4 /* GXJSON.h */,
				595748401DFEF585005B6AD4 /* GXPath.cpp */,
				595748411DFEF585005B6AD4 /* GXPath.h */,
				595748421DFEF585005B6AD4 /* GXScene.cpp */,
				595748431DFEF585005B6AD4 /* GXScene.h */,
				595748441DFEF585005B6AD4 /* GXTextRenderer.cpp */,
				595748451DFEF585005B6AD4 /* GXTextRenderer.h */,
				595748461DFEF585005B6AD4 /* GXTransformations.cpp */,
				595748471DFEF585005B6AD4 /* GXTransformations.h */,
				595748481DFEF585005B6AD4 /* Impl */,
				5957484B1DFEF585005B6AD4 /* Painter.cpp */,
				5957484C1DFEF585005B6AD4 /* Painter.h */,
			);
			path = GX;
			sourceTree = "<group>";
		};
		595748481DFEF585005B6AD4 /* Impl */ = {
			isa = PBXGroup;
			children = (
				595748491DFEF585005B6AD4 /* DisplayImpl.cpp */,
				5957484A1DFEF585005B6AD4 /* DisplayImpl.h */,
			);
			path = Impl;
			sourceTree = "<group>";
		};
		5957484D1DFEF585005B6AD4 /* GXDataType */ = {
			isa = PBXGroup;
			children = (
				5957484E1DFEF585005B6AD4 /* Curve.h */,
				5957484F1DFEF585005B6AD4 /* GXColors.cpp */,
				595748501DFEF585005B6AD4 /* GXColors.h */,
				595748511DFEF585005B6AD4 /* GXGeometry.cpp */,
				595748521DFEF585005B6AD4 /* GXGeometry.h */,
			);
			path = GXDataType;
			sourceTree = "<group>";
		};
		595748531DFEF585005B6AD4 /* GXExtra */ = {
			isa = PBXGroup;
			children = (
				595748551DFEF585005B6AD4 /* GraphicsComponents.cpp */,
				595748561DFEF585005B6AD4 /* GraphicsComponents.h */,
				595748571DFEF585005B6AD4 /* GXVideo.cpp */,
				595748581DFEF585005B6AD4 /* GXVideo.h */,
				595748591DFEF585005B6AD4 /* OMX */,
			);
			path = GXExtra;
			sourceTree = "<group>";
		};
		595748591DFEF585005B6AD4 /* OMX */ = {
			isa = PBXGroup;
			children = (
				5957485A1DFEF585005B6AD4 /* BitstreamConverter.cpp */,
				5957485B1DFEF585005B6AD4 /* BitstreamConverter.h */,
				5957485C1DFEF585005B6AD4 /* cores */,
				5957485E1DFEF585005B6AD4 /* DllAvCodec.h */,
				5957485F1DFEF585005B6AD4 /* DllAvFormat.h */,
				595748601DFEF585005B6AD4 /* DllAvUtil.h */,
				595748611DFEF585005B6AD4 /* DllBCM.h */,
				595748621DFEF585005B6AD4 /* DllOMX.h */,
				595748631DFEF585005B6AD4 /* DllSwResample.h */,
				595748641DFEF585005B6AD4 /* DynamicDll.cpp */,
				595748651DFEF585005B6AD4 /* DynamicDll.h */,
				595748661DFEF585005B6AD4 /* File.cpp */,
				595748671DFEF585005B6AD4 /* File.h */,
				595748681DFEF585005B6AD4 /* guilib */,
				5957486A1DFEF585005B6AD4 /* Keyboard.cpp */,
				5957486B1DFEF585005B6AD4 /* Keyboard.h */,
				5957486C1DFEF585005B6AD4 /* KeyConfig.cpp */,
				5957486D1DFEF585005B6AD4 /* KeyConfig.h */,
				5957486E1DFEF585005B6AD4 /* linux */,
				5957487A1DFEF585005B6AD4 /* MainPlayer.cpp */,
				5957487B1DFEF585005B6AD4 /* MainPlayer.h */,
				5957487C1DFEF585005B6AD4 /* OMXAudio.cpp */,
				5957487D1DFEF585005B6AD4 /* OMXAudio.h */,
				5957487E1DFEF585005B6AD4 /* OMXAudioCodecOMX.cpp */,
				5957487F1DFEF585005B6AD4 /* OMXAudioCodecOMX.h */,
				595748801DFEF585005B6AD4 /* OMXClock.cpp */,
				595748811DFEF585005B6AD4 /* OMXClock.h */,
				595748821DFEF585005B6AD4 /* OMXControl.cpp */,
				595748831DFEF585005B6AD4 /* OMXControl.h */,
				595748841DFEF585005B6AD4 /* OMXCore.cpp */,
				595748851DFEF585005B6AD4 /* OMXCore.h */,
				595748861DFEF585005B6AD4 /* OMXOverlay.h */,
				595748871DFEF585005B6AD4 /* OMXOverlayCodec.h */,
				595748881DFEF585005B6AD4 /* OMXOverlayCodecText.cpp */,
				595748891DFEF585005B6AD4 /* OMXOverlayCodecText.h */,
				5957488A1DFEF585005B6AD4 /* OMXOverlayText.h */,
				5957488B1DFEF585005B6AD4 /* omxplayer.cpp */,
				5957488C1DFEF585005B6AD4 /* OMXPlayerAudio.cpp */,
				5957488D1DFEF585005B6AD4 /* OMXPlayerAudio.h */,
				5957488E1DFEF585005B6AD4 /* OMXPlayerSubtitles.cpp */,
				5957488F1DFEF585005B6AD4 /* OMXPlayerSubtitles.h */,
				595748901DFEF585005B6AD4 /* OMXPlayerVideo.cpp */,
				595748911DFEF585005B6AD4 /* OMXPlayerVideo.h */,
				595748921DFEF585005B6AD4 /* OMXReader.cpp */,
				595748931DFEF585005B6AD4 /* OMXReader.h */,
				595748941DFEF585005B6AD4 /* OMXStreamInfo.cpp */,
				595748951DFEF585005B6AD4 /* OMXStreamInfo.h */,
				595748961DFEF585005B6AD4 /* OMXSubtitleTagSami.cpp */,
				595748971DFEF585005B6AD4 /* OMXSubtitleTagSami.h */,
				595748981DFEF585005B6AD4 /* OMXThread.cpp */,
				595748991DFEF585005B6AD4 /* OMXThread.h */,
				5957489A1DFEF585005B6AD4 /* OMXVideo.cpp */,
				5957489B1DFEF585005B6AD4 /* OMXVideo.h */,
				5957489C1DFEF585005B6AD4 /* RBP.h */,
				5957489D1DFEF585005B6AD4 /* Srt.cpp */,
				5957489E1DFEF585005B6AD4 /* Srt.h */,
				5957489F1DFEF585005B6AD4 /* Subtitle.h */,
				595748A01DFEF585005B6AD4 /* SubtitleRenderer.cpp */,
				595748A11DFEF585005B6AD4 /* SubtitleRenderer.h */,
				595748A21DFEF585005B6AD4 /* system.h */,
				595748A31DFEF585005B6AD4 /* Unicode.cpp */,
				595748A41DFEF585005B6AD4 /* Unicode.h */,
				595748A51DFEF585005B6AD4 /* utils */,
			);
			path = OMX;
			sourceTree = "<group>";
		};
		5957485C1DFEF585005B6AD4 /* cores */ = {
			isa = PBXGroup;
			children = (
				5957485D1DFEF585005B6AD4 /* IAudioCallback.h */,
			);
			path = cores;
			sourceTree = "<group>";
		};
		595748681DFEF585005B6AD4 /* guilib */ = {
			isa = PBXGroup;
			children = (
				595748691DFEF585005B6AD4 /* Geometry.h */,
			);
			path = guilib;
			sourceTree = "<group>";
		};
		5957486E1DFEF585005B6AD4 /* linux */ = {
			isa = PBXGroup;
			children = (
				5957486F1DFEF585005B6AD4 /* ConvUtils.h */,
				595748701DFEF585005B6AD4 /* PlatformDefs.h */,
				595748711DFEF585005B6AD4 /* PlatformInclude.h */,
				595748721DFEF585005B6AD4 /* RBP.cpp */,
				595748731DFEF585005B6AD4 /* RBP.h */,
				595748741DFEF585005B6AD4 /* stat_utf8.h */,
				595748751DFEF585005B6AD4 /* stdio_utf8.h */,
				595748761DFEF585005B6AD4 /* XMemUtils.cpp */,
				595748781DFEF585005B6AD4 /* XMemUtils.h */,
				595748791DFEF585005B6AD4 /* XSyncUtils.h */,
			);
			path = linux;
			sourceTree = "<group>";
		};
		595748A51DFEF585005B6AD4 /* utils */ = {
			isa = PBXGroup;
			children = (
				595748A61DFEF585005B6AD4 /* Clamp.h */,
				595748A71DFEF585005B6AD4 /* Enforce.h */,
				595748A81DFEF585005B6AD4 /* FunctorVisitor.h */,
				595748A91DFEF585005B6AD4 /* LockBlock.h */,
				595748AA1DFEF585005B6AD4 /* log.cpp */,
				595748AB1DFEF585005B6AD4 /* log.h */,
				595748AC1DFEF585005B6AD4 /* Mailbox.h */,
				595748AD1DFEF585005B6AD4 /* MathUtils.h */,
				595748AE1DFEF585005B6AD4 /* PCMRemap.cpp */,
				595748AF1DFEF585005B6AD4 /* PCMRemap.h */,
				595748B01DFEF585005B6AD4 /* RegExp.cpp */,
				595748B11DFEF585005B6AD4 /* RegExp.h */,
				595748B21DFEF585005B6AD4 /* ScopeExit.h */,
				595748B31DFEF585005B6AD4 /* SingleLock.h */,
				595748B41DFEF585005B6AD4 /* StdString.h */,
				595748B51DFEF585005B6AD4 /* Strprintf.h */,
				595748B61DFEF585005B6AD4 /* traits.hpp */,
				595748B71DFEF585005B6AD4 /* variant-impl.hpp */,
				595748B81DFEF585005B6AD4 /* variant.hpp */,
			);
			path = utils;
			sourceTree = "<group>";
		};
		595748B91DFEF585005B6AD4 /* GXTouch */ = {
			isa = PBXGroup;
			children = (
				595748BA1DFEF585005B6AD4 /* GXTouch.cpp */,
				595748BB1DFEF585005B6AD4 /* GXTouch.h */,
				595748BC1DFEF585005B6AD4 /* Peripherals.cpp */,
				595748BD1DFEF585005B6AD4 /* Peripherals.h */,
			);
			path = GXTouch;
			sourceTree = "<group>";
		};
		595748BE1DFEF585005B6AD4 /* Interfaces */ = {
			isa = PBXGroup;
			children = (
				595748BF1DFEF585005B6AD4 /* CanEvent.cpp */,
				595748C01DFEF585005B6AD4 /* CanEvent.h */,
				595748C11DFEF585005B6AD4 /* GpioInterface.cpp */,
				595748C21DFEF585005B6AD4 /* GpioInterface.h */,
				595748C31DFEF585005B6AD4 /* Impl */,
				595748C91DFEF585005B6AD4 /* InterfaceController.cpp */,
				595748CA1DFEF585005B6AD4 /* InterfaceController.h */,
				595748CB1DFEF585005B6AD4 /* InterfaceEvent.cpp */,
				595748CC1DFEF585005B6AD4 /* InterfaceEvent.h */,
				595748CD1DFEF585005B6AD4 /* SerialInterface.cpp */,
				595748CE1DFEF585005B6AD4 /* SerialInterface.h */,
			);
			path = Interfaces;
			sourceTree = "<group>";
		};
		595748C31DFEF585005B6AD4 /* Impl */ = {
			isa = PBXGroup;
			children = (
				595748C41DFEF585005B6AD4 /* CanPlateformImpl.cpp */,
				595748C51DFEF585005B6AD4 /* CanPlateformImpl.h */,
				595748C61DFEF585005B6AD4 /* GpioPlateformImpl.cpp */,
				595748C71DFEF585005B6AD4 /* GpioPlateformImpl.h */,
				595748C81DFEF585005B6AD4 /* SunxiGpio.h */,
			);
			path = Impl;
			sourceTree = "<group>";
		};
		595748CF1DFEF585005B6AD4 /* Internal */ = {
			isa = PBXGroup;
			children = (
				595748D01DFEF585005B6AD4 /* AbstractController.cpp */,
				595748D11DFEF585005B6AD4 /* AbstractController.h */,
				595748D21DFEF585005B6AD4 /* AbstractDelegate.cpp */,
				595748D31DFEF585005B6AD4 /* AbstractDelegate.h */,
				595748D41DFEF585005B6AD4 /* AttributesList.h */,
				595748D51DFEF585005B6AD4 /* Element.cpp */,
				595748D61DFEF585005B6AD4 /* Element.h */,
				595748D71DFEF585005B6AD4 /* FileSystem.cpp */,
				595748D81DFEF585005B6AD4 /* FileSystem.h */,
				595748D91DFEF585005B6AD4 /* Memory.cpp */,
				595748DA1DFEF585005B6AD4 /* Memory.h */,
				595748DB1DFEF585005B6AD4 /* Object.cpp */,
				595748DC1DFEF585005B6AD4 /* Object.h */,
				595748DD1DFEF585005B6AD4 /* SerializableObject.h */,
				595748DE1DFEF585005B6AD4 /* Thread.cpp */,
				595748DF1DFEF585005B6AD4 /* Thread.h */,
				595748E01DFEF585005B6AD4 /* Utils.cpp */,
				595748E11DFEF585005B6AD4 /* Utils.h */,
			);
			path = Internal;
			sourceTree = "<group>";
		};
		595748E21DFEF585005B6AD4 /* JSMachine */ = {
			isa = PBXGroup;
			children = (
				595748E31DFEF585005B6AD4 /* JSMachine.cpp */,
				595748E41DFEF585005B6AD4 /* JSMachine.h */,
				595748E51DFEF585005B6AD4 /* JSMachineDelegate.cpp */,
				595748E61DFEF585005B6AD4 /* JSMachineDelegate.h */,
				595748E71DFEF585005B6AD4 /* TinyJS */,
			);
			path = JSMachine;
			sourceTree = "<group>";
		};
		595748E71DFEF585005B6AD4 /* TinyJS */ = {
			isa = PBXGroup;
			children = (
				595748E81DFEF585005B6AD4 /* TinyJS.cpp */,
				595748E91DFEF585005B6AD4 /* TinyJS.h */,
				595748EA1DFEF585005B6AD4 /* TinyJS_Functions.cpp */,
				595748EB1DFEF585005B6AD4 /* TinyJS_Functions.h */,
				595748EC1DFEF585005B6AD4 /* TinyJS_MathFunctions.cpp */,
				595748ED1DFEF585005B6AD4 /* TinyJS_MathFunctions.h */,
			);
			path = TinyJS;
			sourceTree = "<group>";
		};
		595748EE1DFEF585005B6AD4 /* Log */ = {
			isa = PBXGroup;
			children = (
				595748EF1DFEF585005B6AD4 /* Log.cpp */,
				595748F01DFEF585005B6AD4 /* Log.h */,
			);
			path = Log;
			sourceTree = "<group>";
		};
		595748F11DFEF585005B6AD4 /* Network */ = {
			isa = PBXGroup;
			children = (
				595748F21DFEF585005B6AD4 /* NetworkController.cpp */,
				595748F31DFEF585005B6AD4 /* NetworkController.h */,
			);
			path = Network;
			sourceTree = "<group>";
		};
		595748F41DFEF585005B6AD4 /* Parsers */ = {
			isa = PBXGroup;
			children = (
				595748F51DFEF585005B6AD4 /* cJSON */,
				595748F81DFEF585005B6AD4 /* FontParser.cpp */,
				595748F91DFEF585005B6AD4 /* FontParser.h */,
				595748FC1DFEF585005B6AD4 /* JSONParser.cpp */,
				595748FD1DFEF585005B6AD4 /* JSONParser.h */,
				595748FE1DFEF585005B6AD4 /* NanoSVG */,
				595749011DFEF585005B6AD4 /* SVGParser.cpp */,
				595749021DFEF585005B6AD4 /* SVGParser.h */,
			);
			path = Parsers;
			sourceTree = "<group>";
		};
		595748F51DFEF585005B6AD4 /* cJSON */ = {
			isa = PBXGroup;
			children = (
				595748F61DFEF585005B6AD4 /* cJSON.c */,
				595748F71DFEF585005B6AD4 /* cJSON.h */,
			);
			path = cJSON;
			sourceTree = "<group>";
		};
		595748FE1DFEF585005B6AD4 /* NanoSVG */ = {
			isa = PBXGroup;
			children = (
				595748FF1DFEF585005B6AD4 /* nanosvg.h */,
				595749001DFEF585005B6AD4 /* nanosvgrast.h */,
			);
			path = NanoSVG;
			sourceTree = "<group>";
		};
		595749081DFEF585005B6AD4 /* Plateforms */ = {
			isa = PBXGroup;
			children = (
				595749091DFEF585005B6AD4 /* BeagleBoneBlack */,
				5957490B1DFEF585005B6AD4 /* CubieBoard */,
				5957490D1DFEF585005B6AD4 /* MacOS */,
				595749131DFEF585005B6AD4 /* Plateform.h */,
				595749141DFEF585005B6AD4 /* RaspberryPI */,
			);
			path = Plateforms;
			sourceTree = "<group>";
		};
		595749091DFEF585005B6AD4 /* BeagleBoneBlack */ = {
			isa = PBXGroup;
			children = (
				5957490A1DFEF585005B6AD4 /* BeagleBoneBlack.h */,
			);
			path = BeagleBoneBlack;
			sourceTree = "<group>";
		};
		5957490B1DFEF585005B6AD4 /* CubieBoard */ = {
			isa = PBXGroup;
			children = (
				5957490C1DFEF585005B6AD4 /* CubieBoard.h */,
			);
			path = CubieBoard;
			sourceTree = "<group>";
		};
		5957490D1DFEF585005B6AD4 /* MacOS */ = {
			isa = PBXGroup;
			children = (
				5957490E1DFEF585005B6AD4 /* MacDummies */,
				595749121DFEF585005B6AD4 /* MacOS.h */,
			);
			path = MacOS;
			sourceTree = "<group>";
		};
		5957490E1DFEF585005B6AD4 /* MacDummies */ = {
			isa = PBXGroup;
			children = (
				5957490F1DFEF585005B6AD4 /* MainPlayer.cpp */,
				595749101DFEF585005B6AD4 /* MainPlayer.h */,
				595749111DFEF585005B6AD4 /* vg_mac.h */,
			);
			path = MacDummies;
			sourceTree = "<group>";
		};
		595749141DFEF585005B6AD4 /* RaspberryPI */ = {
			isa = PBXGroup;
			children = (
				595749151DFEF585005B6AD4 /* RaspberryPI.h */,
			);
			path = RaspberryPI;
			sourceTree = "<group>";
		};
		595749171DFEF585005B6AD4 /* Scheduler */ = {
			isa = PBXGroup;
			children = (
				595749181DFEF585005B6AD4 /* Chrono.h */,
				595749191DFEF585005B6AD4 /* Dispatch.cpp */,
				5957491A1DFEF585005B6AD4 /* Dispatch.h */,
				5957491B1DFEF585005B6AD4 /* Event.cpp */,
				5957491C1DFEF585005B6AD4 /* Event.h */,
				5957491D1DFEF585005B6AD4 /* IPC.cpp */,
				5957491E1DFEF585005B6AD4 /* IPC.h */,
				5957491F1DFEF585005B6AD4 /* IPCImpl.h */,
				595749201DFEF585005B6AD4 /* Timecode.cpp */,
				595749211DFEF585005B6AD4 /* Timecode.h */,
			);
			path = Scheduler;
			sourceTree = "<group>";
		};
		595749221DFEF585005B6AD4 /* UI */ = {
			isa = PBXGroup;
			children = (
				595749231DFEF585005B6AD4 /* UI.cpp */,
				595749241DFEF585005B6AD4 /* UI.h */,
				595749251DFEF585005B6AD4 /* UIButton.cpp */,
				595749261DFEF585005B6AD4 /* UIButton.h */,
				595749271DFEF585005B6AD4 /* UIImage.cpp */,
				595749281DFEF585005B6AD4 /* UIImage.h */,
				595749291DFEF585005B6AD4 /* UIJSON.h */,
				5957492A1DFEF585005B6AD4 /* UILabel.cpp */,
				5957492B1DFEF585005B6AD4 /* UILabel.h */,
				5957492C1DFEF585005B6AD4 /* UINotification.cpp */,
				5957492D1DFEF585005B6AD4 /* UINotification.h */,
				5957492E1DFEF585005B6AD4 /* UISlider.cpp */,
				5957492F1DFEF585005B6AD4 /* UISlider.h */,
				595749301DFEF585005B6AD4 /* UIVideo.cpp */,
				595749311DFEF585005B6AD4 /* UIVideo.h */,
				595749321DFEF585005B6AD4 /* UIView.cpp */,
				595749331DFEF585005B6AD4 /* UIView.h */,
				595749341DFEF585005B6AD4 /* UIViewController.cpp */,
				595749351DFEF585005B6AD4 /* UIViewController.h */,
			);
			path = UI;
			sourceTree = "<group>";
		};
		595749361DFEF585005B6AD4 /* Web */ = {
			isa = PBXGroup;
			children = (
				595749371DFEF585005B6AD4 /* Url.cpp */,
				595749381DFEF585005B6AD4 /* Url.h */,
				595749391DFEF585005B6AD4 /* web */,
				5957493C1DFEF585005B6AD4 /* WebServer.cpp */,
				5957493D1DFEF585005B6AD4 /* WebServer.h */,
			);
			path = Web;
			sourceTree = "<group>";
		};
		595749391DFEF585005B6AD4 /* web */ = {
			isa = PBXGroup;
			children = (
				5957493A1DFEF585005B6AD4 /* mongoose.c */,
				5957493B1DFEF585005B6AD4 /* mongoose.h */,
			);
			path = web;
			sourceTree = "<group>";
		};
		595749A61DFEF72F005B6AD4 /* Frameworks */ = {
			isa = PBXGroup;
			children = (
				595749A71DFEF72F005B6AD4 /* libcurl.4.dylib */,
				595749A81DFEF72F005B6AD4 /* libfreetype.a */,
				595749A91DFEF72F005B6AD4 /* liboscpack.so.1.1.0 */,
			);
			name = Frameworks;
			sourceTree = "<group>";
		};
/* End PBXGroup section */

/* Begin PBXNativeTarget section */
		595748071DFEF554005B6AD4 /* CelestaCore */ = {
			isa = PBXNativeTarget;
			buildConfigurationList = 5957480F1DFEF554005B6AD4 /* Build configuration list for PBXNativeTarget "CelestaCore" */;
			buildPhases = (
				595748041DFEF554005B6AD4 /* Sources */,
				595748051DFEF554005B6AD4 /* Frameworks */,
				595748061DFEF554005B6AD4 /* CopyFiles */,
			);
			buildRules = (
			);
			dependencies = (
			);
			name = CelestaCore;
			productName = CelestaCore;
			productReference = 595748081DFEF554005B6AD4 /* CelestaCore */;
			productType = "com.apple.product-type.tool";
		};
/* End PBXNativeTarget section */

/* Begin PBXProject section */
		595748001DFEF554005B6AD4 /* Project object */ = {
			isa = PBXProject;
			attributes = {
				LastUpgradeCheck = 0810;
				ORGANIZATIONNAME = "Manuel Deneu";
				TargetAttributes = {
					595748071DFEF554005B6AD4 = {
						CreatedOnToolsVersion = 8.1;
						ProvisioningStyle = Automatic;
					};
				};
			};
			buildConfigurationList = 595748031DFEF554005B6AD4 /* Build configuration list for PBXProject "CelestaCore" */;
			compatibilityVersion = "Xcode 3.2";
			developmentRegion = English;
			hasScannedForEncodings = 0;
			knownRegions = (
				en,
			);
			mainGroup = 595747FF1DFEF554005B6AD4;
			productRefGroup = 595748091DFEF554005B6AD4 /* Products */;
			projectDirPath = "";
			projectRoot = "";
			targets = (
				595748071DFEF554005B6AD4 /* CelestaCore */,
			);
		};
/* End PBXProject section */

/* Begin PBXSourcesBuildPhase section */
		595748041DFEF554005B6AD4 /* Sources */ = {
			isa = PBXSourcesBuildPhase;
			buildActionMask = 2147483647;
			files = (
				595749971DFEF585005B6AD4 /* Event.cpp in Sources */,
				595749A11DFEF585005B6AD4 /* UIView.cpp in Sources */,
				5957493F1DFEF585005B6AD4 /* FileManager.cpp in Sources */,
				595749A01DFEF585005B6AD4 /* UIVideo.cpp in Sources */,
				5957498C1DFEF585005B6AD4 /* NetworkController.cpp in Sources */,
				595749761DFEF585005B6AD4 /* Peripherals.cpp in Sources */,
				595749A41DFEF585005B6AD4 /* mongoose.c in Sources */,
				595749981DFEF585005B6AD4 /* IPC.cpp in Sources */,
				595749871DFEF585005B6AD4 /* JSMachineDelegate.cpp in Sources */,
				595749901DFEF585005B6AD4 /* JSONParser.cpp in Sources */,
				5957499F1DFEF585005B6AD4 /* UISlider.cpp in Sources */,
				595749891DFEF585005B6AD4 /* TinyJS_Functions.cpp in Sources */,
				5957494D1DFEF585005B6AD4 /* GXPath.cpp in Sources */,
				595749541DFEF585005B6AD4 /* GXGeometry.cpp in Sources */,
				595749431DFEF585005B6AD4 /* Database.cpp in Sources */,
				5957494E1DFEF585005B6AD4 /* GXScene.cpp in Sources */,
				595749851DFEF585005B6AD4 /* Utils.cpp in Sources */,
				595749511DFEF585005B6AD4 /* DisplayImpl.cpp in Sources */,
				595749801DFEF585005B6AD4 /* Element.cpp in Sources */,
				595749411DFEF585005B6AD4 /* AudioGraph.cpp in Sources */,
				595748141DFEF578005B6AD4 /* main.cpp in Sources */,
				5957498B1DFEF585005B6AD4 /* Log.cpp in Sources */,
				5957497C1DFEF585005B6AD4 /* InterfaceEvent.cpp in Sources */,
				595749551DFEF585005B6AD4 /* GraphicsComponents.cpp in Sources */,
				595749831DFEF585005B6AD4 /* Object.cpp in Sources */,
				595749911DFEF585005B6AD4 /* SVGParser.cpp in Sources */,
				595749961DFEF585005B6AD4 /* Dispatch.cpp in Sources */,
				595749A21DFEF585005B6AD4 /* UIViewController.cpp in Sources */,
				595749401DFEF585005B6AD4 /* AudioController.cpp in Sources */,
				5957499B1DFEF585005B6AD4 /* UIButton.cpp in Sources */,
				5957497F1DFEF585005B6AD4 /* AbstractDelegate.cpp in Sources */,
				595749501DFEF585005B6AD4 /* GXTransformations.cpp in Sources */,
				595749841DFEF585005B6AD4 /* Thread.cpp in Sources */,
				595749421DFEF585005B6AD4 /* AUElement.cpp in Sources */,
				5957494F1DFEF585005B6AD4 /* GXTextRenderer.cpp in Sources */,
				5957493E1DFEF585005B6AD4 /* ApplicationBase.cpp in Sources */,
				5957497D1DFEF585005B6AD4 /* SerialInterface.cpp in Sources */,
				595749941DFEF585005B6AD4 /* MainPlayer.cpp in Sources */,
				595749791DFEF585005B6AD4 /* CanPlateformImpl.cpp in Sources */,
				595749A31DFEF585005B6AD4 /* Url.cpp in Sources */,
				595749A51DFEF585005B6AD4 /* WebServer.cpp in Sources */,
				595749491DFEF585005B6AD4 /* GXAsyncPainter.cpp in Sources */,
				595749481DFEF585005B6AD4 /* GXAnimation.cpp in Sources */,
				595749821DFEF585005B6AD4 /* Memory.cpp in Sources */,
				595749991DFEF585005B6AD4 /* Timecode.cpp in Sources */,
				595749561DFEF585005B6AD4 /* GXVideo.cpp in Sources */,
				5957499D1DFEF585005B6AD4 /* UILabel.cpp in Sources */,
				5957499E1DFEF585005B6AD4 /* UINotification.cpp in Sources */,
				595749471DFEF585005B6AD4 /* DisplayController.cpp in Sources */,
				595749461DFEF585005B6AD4 /* Variant.cpp in Sources */,
				595749531DFEF585005B6AD4 /* GXColors.cpp in Sources */,
				5957497E1DFEF585005B6AD4 /* AbstractController.cpp in Sources */,
				5957494B1DFEF585005B6AD4 /* GXFont.cpp in Sources */,
				5957498E1DFEF585005B6AD4 /* FontParser.cpp in Sources */,
				5957497B1DFEF585005B6AD4 /* InterfaceController.cpp in Sources */,
				595749861DFEF585005B6AD4 /* JSMachine.cpp in Sources */,
				595749521DFEF585005B6AD4 /* Painter.cpp in Sources */,
				5957499A1DFEF585005B6AD4 /* UI.cpp in Sources */,
				5957498D1DFEF585005B6AD4 /* cJSON.c in Sources */,
				5957497A1DFEF585005B6AD4 /* GpioPlateformImpl.cpp in Sources */,
				595749881DFEF585005B6AD4 /* TinyJS.cpp in Sources */,
				595749811DFEF585005B6AD4 /* FileSystem.cpp in Sources */,
				5957494A1DFEF585005B6AD4 /* GXElement.cpp in Sources */,
				595749441DFEF585005B6AD4 /* Date.cpp in Sources */,
				595749751DFEF585005B6AD4 /* GXTouch.cpp in Sources */,
				5957494C1DFEF585005B6AD4 /* GXImage.cpp in Sources */,
				595749771DFEF585005B6AD4 /* CanEvent.cpp in Sources */,
				595749451DFEF585005B6AD4 /* StringOperations.cpp in Sources */,
				5957498A1DFEF585005B6AD4 /* TinyJS_MathFunctions.cpp in Sources */,
				5957499C1DFEF585005B6AD4 /* UIImage.cpp in Sources */,
				595749781DFEF585005B6AD4 /* GpioInterface.cpp in Sources */,
			);
			runOnlyForDeploymentPostprocessing = 0;
		};
/* End PBXSourcesBuildPhase section */

/* Begin XCBuildConfiguration section */
		5957480D1DFEF554005B6AD4 /* Debug */ = {
			isa = XCBuildConfiguration;
			buildSettings = {
				ALWAYS_SEARCH_USER_PATHS = NO;
				CLANG_ANALYZER_NONNULL = YES;
				CLANG_CXX_LANGUAGE_STANDARD = "gnu++0x";
				CLANG_CXX_LIBRARY = "libc++";
				CLANG_ENABLE_MODULES = YES;
				CLANG_ENABLE_OBJC_ARC = YES;
				CLANG_WARN_BOOL_CONVERSION = YES;
				CLANG_WARN_CONSTANT_CONVERSION = YES;
				CLANG_WARN_DIRECT_OBJC_ISA_USAGE = YES_ERROR;
				CLANG_WARN_DOCUMENTATION_COMMENTS = YES;
				CLANG_WARN_EMPTY_BODY = YES;
				CLANG_WARN_ENUM_CONVERSION = YES;
				CLANG_WARN_INFINITE_RECURSION = YES;
				CLANG_WARN_INT_CONVERSION = YES;
				CLANG_WARN_OBJC_ROOT_CLASS = YES_ERROR;
				CLANG_WARN_SUSPICIOUS_MOVES = YES;
				CLANG_WARN_UNREACHABLE_CODE = YES;
				CLANG_WARN__DUPLICATE_METHOD_MATCH = YES;
				CODE_SIGN_IDENTITY = "-";
				COPY_PHASE_STRIP = NO;
				DEBUG_INFORMATION_FORMAT = dwarf;
				ENABLE_STRICT_OBJC_MSGSEND = YES;
				ENABLE_TESTABILITY = YES;
				GCC_C_LANGUAGE_STANDARD = gnu99;
				GCC_DYNAMIC_NO_PIC = NO;
				GCC_NO_COMMON_BLOCKS = YES;
				GCC_OPTIMIZATION_LEVEL = 0;
				GCC_PREPROCESSOR_DEFINITIONS = (
					"DEBUG=1",
					"$(inherited)",
				);
				GCC_WARN_64_TO_32_BIT_CONVERSION = YES;
				GCC_WARN_ABOUT_RETURN_TYPE = YES_ERROR;
				GCC_WARN_UNDECLARED_SELECTOR = YES;
				GCC_WARN_UNINITIALIZED_AUTOS = YES_AGGRESSIVE;
				GCC_WARN_UNUSED_FUNCTION = YES;
				GCC_WARN_UNUSED_VARIABLE = YES;
				MACOSX_DEPLOYMENT_TARGET = 10.12;
				MTL_ENABLE_DEBUG_INFO = YES;
				ONLY_ACTIVE_ARCH = YES;
				SDKROOT = macosx;
			};
			name = Debug;
		};
		5957480E1DFEF554005B6AD4 /* Release */ = {
			isa = XCBuildConfiguration;
			buildSettings = {
				ALWAYS_SEARCH_USER_PATHS = NO;
				CLANG_ANALYZER_NONNULL = YES;
				CLANG_CXX_LANGUAGE_STANDARD = "gnu++0x";
				CLANG_CXX_LIBRARY = "libc++";
				CLANG_ENABLE_MODULES = YES;
				CLANG_ENABLE_OBJC_ARC = YES;
				CLANG_WARN_BOOL_CONVERSION = YES;
				CLANG_WARN_CONSTANT_CONVERSION = YES;
				CLANG_WARN_DIRECT_OBJC_ISA_USAGE = YES_ERROR;
				CLANG_WARN_DOCUMENTATION_COMMENTS = YES;
				CLANG_WARN_EMPTY_BODY = YES;
				CLANG_WARN_ENUM_CONVERSION = YES;
				CLANG_WARN_INFINITE_RECURSION = YES;
				CLANG_WARN_INT_CONVERSION = YES;
				CLANG_WARN_OBJC_ROOT_CLASS = YES_ERROR;
				CLANG_WARN_SUSPICIOUS_MOVES = YES;
				CLANG_WARN_UNREACHABLE_CODE = YES;
				CLANG_WARN__DUPLICATE_METHOD_MATCH = YES;
				CODE_SIGN_IDENTITY = "-";
				COPY_PHASE_STRIP = NO;
				DEBUG_INFORMATION_FORMAT = "dwarf-with-dsym";
				ENABLE_NS_ASSERTIONS = NO;
				ENABLE_STRICT_OBJC_MSGSEND = YES;
				GCC_C_LANGUAGE_STANDARD = gnu99;
				GCC_NO_COMMON_BLOCKS = YES;
				GCC_WARN_64_TO_32_BIT_CONVERSION = YES;
				GCC_WARN_ABOUT_RETURN_TYPE = YES_ERROR;
				GCC_WARN_UNDECLARED_SELECTOR = YES;
				GCC_WARN_UNINITIALIZED_AUTOS = YES_AGGRESSIVE;
				GCC_WARN_UNUSED_FUNCTION = YES;
				GCC_WARN_UNUSED_VARIABLE = YES;
				MACOSX_DEPLOYMENT_TARGET = 10.12;
				MTL_ENABLE_DEBUG_INFO = NO;
				SDKROOT = macosx;
			};
			name = Release;
		};
		595748101DFEF554005B6AD4 /* Debug */ = {
			isa = XCBuildConfiguration;
			buildSettings = {
				HEADER_SEARCH_PATHS = (
					/usr/local/include/,
					/usr/local/include/freetype2/,
				);
				LIBRARY_SEARCH_PATHS = /usr/local/lib/;
				OTHER_CPLUSPLUSFLAGS = (
					"-DENABLE_ELEMENT_SELECTOR",
					"-DUSE_WEB_SERVER",
					"-DUSE_JAVA_INTERPRETER",
					"-DUSE_NETWORK",
					"-DUSE_GPIO",
					"-DUSE_GRAPHICS",
					"-DUSE_GRAPHICS_HELPERS",
					"-DUSE_GRAPHICS_EXTRA",
					"-DHAVE_JPEG_LIB",
					"-DUSE_JSON_PARSER",
					"-DUSE_URL",
					"-DUSE_GXTOUCH",
					"-DUSE_GRAPHIC_UI",
				);
				PRODUCT_NAME = "$(TARGET_NAME)";
			};
			name = Debug;
		};
		595748111DFEF554005B6AD4 /* Release */ = {
			isa = XCBuildConfiguration;
			buildSettings = {
				HEADER_SEARCH_PATHS = (
					/usr/local/include/,
					/usr/local/include/freetype2/,
				);
				LIBRARY_SEARCH_PATHS = /usr/local/lib/;
				OTHER_CPLUSPLUSFLAGS = (
					"-DENABLE_ELEMENT_SELECTOR",
					"-DUSE_WEB_SERVER",
					"-DUSE_JAVA_INTERPRETER",
					"-DUSE_NETWORK",
					"-DUSE_GPIO",
					"-DUSE_GRAPHICS",
					"-DUSE_GRAPHICS_HELPERS",
					"-DUSE_GRAPHICS_EXTRA",
					"-DHAVE_JPEG_LIB",
					"-DUSE_JSON_PARSER",
					"-DUSE_URL",
					"-DUSE_GXTOUCH",
					"-DUSE_GRAPHIC_UI",
				);
				PRODUCT_NAME = "$(TARGET_NAME)";
			};
			name = Release;
		};
/* End XCBuildConfiguration section */

/* Begin XCConfigurationList section */
		595748031DFEF554005B6AD4 /* Build configuration list for PBXProject "CelestaCore" */ = {
			isa = XCConfigurationList;
			buildConfigurations = (
				5957480D1DFEF554005B6AD4 /* Debug */,
				5957480E1DFEF554005B6AD4 /* Release */,
			);
			defaultConfigurationIsVisible = 0;
			defaultConfigurationName = Release;
		};
		5957480F1DFEF554005B6AD4 /* Build configuration list for PBXNativeTarget "CelestaCore" */ = {
			isa = XCConfigurationList;
			buildConfigurations = (
				595748101DFEF554005B6AD4 /* Debug */,
				595748111DFEF554005B6AD4 /* Release */,
			);
			defaultConfigurationIsVisible = 0;
			defaultConfigurationName = Release;
		};
/* End XCConfigurationList section */
	};
	rootObject = 595748001DFEF554005B6AD4 /* Project object */;
}
